// !$*UTF8*$!
{
	archiveVersion = 1;
	classes = {
	};
	objectVersion = 46;
	objects = {

/* Begin PBXBuildFile section */
		39C16B93193EB0E700F278E5 /* PropertiesView.m in Sources */ = {isa = PBXBuildFile; fileRef = 39C16B92193EB0E700F278E5 /* PropertiesView.m */; };
		39F090351921C4390023B2B7 /* HomeTableViewDataSource.m in Sources */ = {isa = PBXBuildFile; fileRef = 4F5A493318FDEE420053D0B8 /* HomeTableViewDataSource.m */; };
		4F0C6DFE18FD023900A0F186 /* HomeViewController.m in Sources */ = {isa = PBXBuildFile; fileRef = 4F0C6DFD18FD023900A0F186 /* HomeViewController.m */; };
		4F23B5F91919A39E006C0B58 /* DishTableViewCell.m in Sources */ = {isa = PBXBuildFile; fileRef = 4F23B5F81919A39E006C0B58 /* DishTableViewCell.m */; };
		4F240B341905F01400A405E2 /* MenuTabBarController.m in Sources */ = {isa = PBXBuildFile; fileRef = 4F240B331905F01400A405E2 /* MenuTabBarController.m */; };
		4F240B381905F05F00A405E2 /* Menu.m in Sources */ = {isa = PBXBuildFile; fileRef = 4F240B371905F05F00A405E2 /* Menu.m */; };
		4F26DFB41901BBBD002C4FEC /* RestaurantFactory.m in Sources */ = {isa = PBXBuildFile; fileRef = 4F26DFB31901BBBD002C4FEC /* RestaurantFactory.m */; };
		4F26DFB91901BDFA002C4FEC /* Restaurant.m in Sources */ = {isa = PBXBuildFile; fileRef = 4F26DFB81901BDFA002C4FEC /* Restaurant.m */; };
		4F3D43E21910665B007EA7A2 /* HomeTableViewCell.m in Sources */ = {isa = PBXBuildFile; fileRef = 4F3D43E11910665B007EA7A2 /* HomeTableViewCell.m */; };
		4F45466A1921D89600F65094 /* LoginViewController.m in Sources */ = {isa = PBXBuildFile; fileRef = 4F4546691921D89600F65094 /* LoginViewController.m */; };
		4F45DD241918A7FD00B0CB7F /* CategoryViewController.m in Sources */ = {isa = PBXBuildFile; fileRef = 4F45DD231918A7FD00B0CB7F /* CategoryViewController.m */; };
		4F496F70191F44B700424343 /* DishViewController.m in Sources */ = {isa = PBXBuildFile; fileRef = 4F496F6F191F44B700424343 /* DishViewController.m */; };
		4F5D5F7618FCB0D00042A0BA /* Foundation.framework in Frameworks */ = {isa = PBXBuildFile; fileRef = 4F5D5F7518FCB0D00042A0BA /* Foundation.framework */; };
		4F5D5F7818FCB0D00042A0BA /* CoreGraphics.framework in Frameworks */ = {isa = PBXBuildFile; fileRef = 4F5D5F7718FCB0D00042A0BA /* CoreGraphics.framework */; };
		4F5D5F7A18FCB0D00042A0BA /* UIKit.framework in Frameworks */ = {isa = PBXBuildFile; fileRef = 4F5D5F7918FCB0D00042A0BA /* UIKit.framework */; };
		4F5D5F8018FCB0D00042A0BA /* InfoPlist.strings in Resources */ = {isa = PBXBuildFile; fileRef = 4F5D5F7E18FCB0D00042A0BA /* InfoPlist.strings */; };
		4F5D5F8218FCB0D00042A0BA /* main.m in Sources */ = {isa = PBXBuildFile; fileRef = 4F5D5F8118FCB0D00042A0BA /* main.m */; };
		4F5D5F8618FCB0D00042A0BA /* AppDelegate.m in Sources */ = {isa = PBXBuildFile; fileRef = 4F5D5F8518FCB0D00042A0BA /* AppDelegate.m */; };
		4F5D5F8918FCB0D00042A0BA /* Main_iPhone.storyboard in Resources */ = {isa = PBXBuildFile; fileRef = 4F5D5F8718FCB0D00042A0BA /* Main_iPhone.storyboard */; };
		4F5D5F8C18FCB0D00042A0BA /* Main_iPad.storyboard in Resources */ = {isa = PBXBuildFile; fileRef = 4F5D5F8A18FCB0D00042A0BA /* Main_iPad.storyboard */; };
		4F5D5F8F18FCB0D00042A0BA /* ViewController.m in Sources */ = {isa = PBXBuildFile; fileRef = 4F5D5F8E18FCB0D00042A0BA /* ViewController.m */; };
		4F5D5F9118FCB0D00042A0BA /* Images.xcassets in Resources */ = {isa = PBXBuildFile; fileRef = 4F5D5F9018FCB0D00042A0BA /* Images.xcassets */; };
		4F5D5F9818FCB0D00042A0BA /* XCTest.framework in Frameworks */ = {isa = PBXBuildFile; fileRef = 4F5D5F9718FCB0D00042A0BA /* XCTest.framework */; };
		4F5D5F9918FCB0D00042A0BA /* Foundation.framework in Frameworks */ = {isa = PBXBuildFile; fileRef = 4F5D5F7518FCB0D00042A0BA /* Foundation.framework */; };
		4F5D5F9A18FCB0D00042A0BA /* UIKit.framework in Frameworks */ = {isa = PBXBuildFile; fileRef = 4F5D5F7918FCB0D00042A0BA /* UIKit.framework */; };
		4F5D5FA218FCB0D00042A0BA /* InfoPlist.strings in Resources */ = {isa = PBXBuildFile; fileRef = 4F5D5FA018FCB0D00042A0BA /* InfoPlist.strings */; };
		4F5D5FA418FCB0D00042A0BA /* QuickMenuTests.m in Sources */ = {isa = PBXBuildFile; fileRef = 4F5D5FA318FCB0D00042A0BA /* QuickMenuTests.m */; };
		4F64B88E19257E1A0059E55F /* DataMatrix.mm in Sources */ = {isa = PBXBuildFile; fileRef = 4F64B88719257E1A0059E55F /* DataMatrix.mm */; settings = {COMPILER_FLAGS = "-fno-objc-arc"; }; };
		4F64B88F19257E1A0059E55F /* QR_Encode.cpp in Sources */ = {isa = PBXBuildFile; fileRef = 4F64B88819257E1A0059E55F /* QR_Encode.cpp */; };
		4F64B89019257E1A0059E55F /* QREncoder.mm in Sources */ = {isa = PBXBuildFile; fileRef = 4F64B88D19257E1A0059E55F /* QREncoder.mm */; settings = {COMPILER_FLAGS = "-fno-objc-arc"; }; };
		4F64B892192582060059E55F /* MobileCoreServices.framework in Frameworks */ = {isa = PBXBuildFile; fileRef = 4F64B891192582060059E55F /* MobileCoreServices.framework */; };
		4F7F5CE31933C3BB006FEFF2 /* AFNetworkActivityIndicatorManager.m in Sources */ = {isa = PBXBuildFile; fileRef = 4F7F5CD31933C3BB006FEFF2 /* AFNetworkActivityIndicatorManager.m */; };
		4F7F5CE41933C3BB006FEFF2 /* UIActivityIndicatorView+AFNetworking.m in Sources */ = {isa = PBXBuildFile; fileRef = 4F7F5CD51933C3BB006FEFF2 /* UIActivityIndicatorView+AFNetworking.m */; };
		4F7F5CE51933C3BB006FEFF2 /* UIAlertView+AFNetworking.m in Sources */ = {isa = PBXBuildFile; fileRef = 4F7F5CD71933C3BB006FEFF2 /* UIAlertView+AFNetworking.m */; };
		4F7F5CE61933C3BB006FEFF2 /* UIButton+AFNetworking.m in Sources */ = {isa = PBXBuildFile; fileRef = 4F7F5CD91933C3BB006FEFF2 /* UIButton+AFNetworking.m */; };
		4F7F5CE71933C3BB006FEFF2 /* UIImageView+AFNetworking.m in Sources */ = {isa = PBXBuildFile; fileRef = 4F7F5CDB1933C3BB006FEFF2 /* UIImageView+AFNetworking.m */; };
		4F7F5CE81933C3BB006FEFF2 /* UIProgressView+AFNetworking.m in Sources */ = {isa = PBXBuildFile; fileRef = 4F7F5CDE1933C3BB006FEFF2 /* UIProgressView+AFNetworking.m */; };
		4F7F5CE91933C3BB006FEFF2 /* UIRefreshControl+AFNetworking.m in Sources */ = {isa = PBXBuildFile; fileRef = 4F7F5CE01933C3BB006FEFF2 /* UIRefreshControl+AFNetworking.m */; };
		4F7F5CEA1933C3BB006FEFF2 /* UIWebView+AFNetworking.m in Sources */ = {isa = PBXBuildFile; fileRef = 4F7F5CE21933C3BB006FEFF2 /* UIWebView+AFNetworking.m */; };
		4F7F5CF519343815006FEFF2 /* ASImageScrollView.m in Sources */ = {isa = PBXBuildFile; fileRef = 4F7F5CED19343815006FEFF2 /* ASImageScrollView.m */; };
		4F7F5CF619343815006FEFF2 /* ASMediaFocusController.m in Sources */ = {isa = PBXBuildFile; fileRef = 4F7F5CEF19343815006FEFF2 /* ASMediaFocusController.m */; };
		4F7F5CF719343815006FEFF2 /* ASMediaFocusController.xib in Resources */ = {isa = PBXBuildFile; fileRef = 4F7F5CF019343815006FEFF2 /* ASMediaFocusController.xib */; };
		4F7F5CF819343815006FEFF2 /* ASMediaFocusManager.m in Sources */ = {isa = PBXBuildFile; fileRef = 4F7F5CF219343815006FEFF2 /* ASMediaFocusManager.m */; };
		4F7F5CF919343815006FEFF2 /* ASTransparentView.m in Sources */ = {isa = PBXBuildFile; fileRef = 4F7F5CF419343815006FEFF2 /* ASTransparentView.m */; };
		4F80A21E19009B510012A60F /* MenyouApi.m in Sources */ = {isa = PBXBuildFile; fileRef = 4F80A21D19009B510012A60F /* MenyouApi.m */; };
		4F8AEAA619283A4800479B23 /* AddRatingViewController.m in Sources */ = {isa = PBXBuildFile; fileRef = 4F8AEAA519283A4800479B23 /* AddRatingViewController.m */; };
		4F91227E1915744100139F81 /* MEDynamicTransition.m in Sources */ = {isa = PBXBuildFile; fileRef = 4F91227D1915744100139F81 /* MEDynamicTransition.m */; };
		4F94FEB7192D7ADD0091C3BC /* AVCamPreviewView.m in Sources */ = {isa = PBXBuildFile; fileRef = 4F94FEB6192D7ADD0091C3BC /* AVCamPreviewView.m */; };
		4F96295C18FD0FB600F4EC34 /* CoreLocation.framework in Frameworks */ = {isa = PBXBuildFile; fileRef = 4F96295B18FD0FB600F4EC34 /* CoreLocation.framework */; };
		4FA02641193D9079007DEE5C /* CloudKit.framework in Frameworks */ = {isa = PBXBuildFile; fileRef = 4FA02640193D9079007DEE5C /* CloudKit.framework */; settings = {ATTRIBUTES = (Weak, ); }; };
		4FA2C0B1191DB8C200793042 /* StarView.m in Sources */ = {isa = PBXBuildFile; fileRef = 4FA2C0B0191DB8C200793042 /* StarView.m */; };
		4FA80C0F192C686D00737687 /* TopDishesViewController.m in Sources */ = {isa = PBXBuildFile; fileRef = 4FA80C0E192C686D00737687 /* TopDishesViewController.m */; };
		4FB3AE641937F4D400D90AF5 /* FilterTableViewController.m in Sources */ = {isa = PBXBuildFile; fileRef = 4FB3AE631937F4D400D90AF5 /* FilterTableViewController.m */; };
		4FBF3CFE19033BF100A51204 /* NSMutableURLRequest+Parameters.m in Sources */ = {isa = PBXBuildFile; fileRef = 4FBF3CDA19033BF100A51204 /* NSMutableURLRequest+Parameters.m */; settings = {COMPILER_FLAGS = "-fno-objc-arc"; }; };
		4FBF3CFF19033BF100A51204 /* NSString+URLEncoding.m in Sources */ = {isa = PBXBuildFile; fileRef = 4FBF3CDC19033BF100A51204 /* NSString+URLEncoding.m */; settings = {COMPILER_FLAGS = "-fno-objc-arc"; }; };
		4FBF3D0019033BF100A51204 /* NSURL+Base.m in Sources */ = {isa = PBXBuildFile; fileRef = 4FBF3CDE19033BF100A51204 /* NSURL+Base.m */; settings = {COMPILER_FLAGS = "-fno-objc-arc"; }; };
		4FBF3D0119033BF100A51204 /* Base64Transcoder.c in Sources */ = {isa = PBXBuildFile; fileRef = 4FBF3CE019033BF100A51204 /* Base64Transcoder.c */; settings = {COMPILER_FLAGS = "-fno-objc-arc"; }; };
		4FBF3D0219033BF100A51204 /* hmac.c in Sources */ = {isa = PBXBuildFile; fileRef = 4FBF3CE219033BF100A51204 /* hmac.c */; };
		4FBF3D0319033BF100A51204 /* sha1.c in Sources */ = {isa = PBXBuildFile; fileRef = 4FBF3CE419033BF100A51204 /* sha1.c */; };
		4FBF3D0419033BF100A51204 /* OACall.m in Sources */ = {isa = PBXBuildFile; fileRef = 4FBF3CE719033BF100A51204 /* OACall.m */; settings = {COMPILER_FLAGS = "-fno-objc-arc"; }; };
		4FBF3D0519033BF100A51204 /* OAConsumer.m in Sources */ = {isa = PBXBuildFile; fileRef = 4FBF3CE919033BF100A51204 /* OAConsumer.m */; settings = {COMPILER_FLAGS = "-fno-objc-arc"; }; };
		4FBF3D0619033BF100A51204 /* OADataFetcher.m in Sources */ = {isa = PBXBuildFile; fileRef = 4FBF3CEB19033BF100A51204 /* OADataFetcher.m */; settings = {COMPILER_FLAGS = "-fno-objc-arc"; }; };
		4FBF3D0719033BF100A51204 /* OAHMAC_SHA1SignatureProvider.m in Sources */ = {isa = PBXBuildFile; fileRef = 4FBF3CED19033BF100A51204 /* OAHMAC_SHA1SignatureProvider.m */; settings = {COMPILER_FLAGS = "-fno-objc-arc"; }; };
		4FBF3D0819033BF100A51204 /* OAMutableURLRequest.m in Sources */ = {isa = PBXBuildFile; fileRef = 4FBF3CEF19033BF100A51204 /* OAMutableURLRequest.m */; settings = {COMPILER_FLAGS = "-fno-objc-arc"; }; };
		4FBF3D0919033BF100A51204 /* OAPlaintextSignatureProvider.m in Sources */ = {isa = PBXBuildFile; fileRef = 4FBF3CF119033BF100A51204 /* OAPlaintextSignatureProvider.m */; settings = {COMPILER_FLAGS = "-fno-objc-arc"; }; };
		4FBF3D0A19033BF100A51204 /* OAProblem.m in Sources */ = {isa = PBXBuildFile; fileRef = 4FBF3CF319033BF100A51204 /* OAProblem.m */; settings = {COMPILER_FLAGS = "-fno-objc-arc"; }; };
		4FBF3D0B19033BF100A51204 /* OARequestParameter.m in Sources */ = {isa = PBXBuildFile; fileRef = 4FBF3CF519033BF100A51204 /* OARequestParameter.m */; settings = {COMPILER_FLAGS = "-fno-objc-arc"; }; };
		4FBF3D0C19033BF100A51204 /* OAServiceTicket.m in Sources */ = {isa = PBXBuildFile; fileRef = 4FBF3CF719033BF100A51204 /* OAServiceTicket.m */; settings = {COMPILER_FLAGS = "-fno-objc-arc"; }; };
		4FBF3D0D19033BF100A51204 /* OAToken.m in Sources */ = {isa = PBXBuildFile; fileRef = 4FBF3CFA19033BF100A51204 /* OAToken.m */; settings = {COMPILER_FLAGS = "-fno-objc-arc"; }; };
		4FBF3D0E19033BF100A51204 /* OATokenManager.m in Sources */ = {isa = PBXBuildFile; fileRef = 4FBF3CFC19033BF100A51204 /* OATokenManager.m */; settings = {COMPILER_FLAGS = "-fno-objc-arc"; }; };
		4FC4E823193263F1008609A6 /* AFHTTPRequestOperation.m in Sources */ = {isa = PBXBuildFile; fileRef = 4FC4E811193263F1008609A6 /* AFHTTPRequestOperation.m */; };
		4FC4E824193263F1008609A6 /* AFHTTPRequestOperationManager.m in Sources */ = {isa = PBXBuildFile; fileRef = 4FC4E813193263F1008609A6 /* AFHTTPRequestOperationManager.m */; };
		4FC4E825193263F1008609A6 /* AFHTTPSessionManager.m in Sources */ = {isa = PBXBuildFile; fileRef = 4FC4E815193263F1008609A6 /* AFHTTPSessionManager.m */; };
		4FC4E826193263F1008609A6 /* AFNetworkReachabilityManager.m in Sources */ = {isa = PBXBuildFile; fileRef = 4FC4E818193263F1008609A6 /* AFNetworkReachabilityManager.m */; };
		4FC4E827193263F1008609A6 /* AFSecurityPolicy.m in Sources */ = {isa = PBXBuildFile; fileRef = 4FC4E81A193263F1008609A6 /* AFSecurityPolicy.m */; };
		4FC4E828193263F1008609A6 /* AFURLConnectionOperation.m in Sources */ = {isa = PBXBuildFile; fileRef = 4FC4E81C193263F1008609A6 /* AFURLConnectionOperation.m */; };
		4FC4E829193263F1008609A6 /* AFURLRequestSerialization.m in Sources */ = {isa = PBXBuildFile; fileRef = 4FC4E81E193263F1008609A6 /* AFURLRequestSerialization.m */; };
		4FC4E82A193263F1008609A6 /* AFURLResponseSerialization.m in Sources */ = {isa = PBXBuildFile; fileRef = 4FC4E820193263F1008609A6 /* AFURLResponseSerialization.m */; };
		4FC4E82B193263F1008609A6 /* AFURLSessionManager.m in Sources */ = {isa = PBXBuildFile; fileRef = 4FC4E822193263F1008609A6 /* AFURLSessionManager.m */; };
		4FE3010D190C72860053EA95 /* ECPercentDrivenInteractiveTransition.m in Sources */ = {isa = PBXBuildFile; fileRef = 4FE30101190C72860053EA95 /* ECPercentDrivenInteractiveTransition.m */; };
		4FE3010E190C72860053EA95 /* ECSlidingAnimationController.m in Sources */ = {isa = PBXBuildFile; fileRef = 4FE30103190C72860053EA95 /* ECSlidingAnimationController.m */; };
		4FE3010F190C72860053EA95 /* ECSlidingInteractiveTransition.m in Sources */ = {isa = PBXBuildFile; fileRef = 4FE30106190C72860053EA95 /* ECSlidingInteractiveTransition.m */; };
		4FE30110190C72860053EA95 /* ECSlidingSegue.m in Sources */ = {isa = PBXBuildFile; fileRef = 4FE30108190C72860053EA95 /* ECSlidingSegue.m */; };
		4FE30111190C72860053EA95 /* ECSlidingViewController.m in Sources */ = {isa = PBXBuildFile; fileRef = 4FE3010A190C72860053EA95 /* ECSlidingViewController.m */; };
		4FE30112190C72860053EA95 /* UIViewController+ECSlidingViewController.m in Sources */ = {isa = PBXBuildFile; fileRef = 4FE3010C190C72860053EA95 /* UIViewController+ECSlidingViewController.m */; };
		4FE30115190C7A5F0053EA95 /* LeftTableViewController.m in Sources */ = {isa = PBXBuildFile; fileRef = 4FE30114190C7A5F0053EA95 /* LeftTableViewController.m */; };
		4FEAB18C191EB8AE00B9314E /* SettingsViewController.m in Sources */ = {isa = PBXBuildFile; fileRef = 4FEAB18B191EB8AE00B9314E /* SettingsViewController.m */; };
		4FECC2F2192FB77F0092B1D7 /* QuartzCore.framework in Frameworks */ = {isa = PBXBuildFile; fileRef = 4FECC2F1192FB77F0092B1D7 /* QuartzCore.framework */; };
		4FECC2F8192FB7D40092B1D7 /* WYPopoverController.m in Sources */ = {isa = PBXBuildFile; fileRef = 4FECC2F5192FB7D40092B1D7 /* WYPopoverController.m */; };
		4FECC2F9192FB7D40092B1D7 /* WYStoryboardPopoverSegue.m in Sources */ = {isa = PBXBuildFile; fileRef = 4FECC2F7192FB7D40092B1D7 /* WYStoryboardPopoverSegue.m */; };
		4FFDD6281907268B008DEE69 /* MyMenuViewController.mm in Sources */ = {isa = PBXBuildFile; fileRef = 4FFDD6271907268B008DEE69 /* MyMenuViewController.mm */; };
		7296A73F1932D2FE00599C89 /* ScannerViewController.m in Sources */ = {isa = PBXBuildFile; fileRef = 7296A73E1932D2FE00599C89 /* ScannerViewController.m */; };
		7296A74219383ABD00599C89 /* OrderViewController.m in Sources */ = {isa = PBXBuildFile; fileRef = 7296A74119383ABD00599C89 /* OrderViewController.m */; };
		72CCDCAD19131C9D00A5681D /* Categories.m in Sources */ = {isa = PBXBuildFile; fileRef = 72CCDCAC19131C9D00A5681D /* Categories.m */; };
		72CCDCB019131CE400A5681D /* Dish.m in Sources */ = {isa = PBXBuildFile; fileRef = 72CCDCAF19131CE400A5681D /* Dish.m */; };
/* End PBXBuildFile section */

/* Begin PBXContainerItemProxy section */
		4F5D5F9B18FCB0D00042A0BA /* PBXContainerItemProxy */ = {
			isa = PBXContainerItemProxy;
			containerPortal = 4F5D5F6A18FCB0D00042A0BA /* Project object */;
			proxyType = 1;
			remoteGlobalIDString = 4F5D5F7118FCB0D00042A0BA;
			remoteInfo = QuickMenu;
		};
/* End PBXContainerItemProxy section */

/* Begin PBXFileReference section */
		39C16B91193EB0E700F278E5 /* PropertiesView.h */ = {isa = PBXFileReference; fileEncoding = 4; lastKnownFileType = sourcecode.c.h; name = PropertiesView.h; path = ../PropertiesView.h; sourceTree = "<group>"; };
		39C16B92193EB0E700F278E5 /* PropertiesView.m */ = {isa = PBXFileReference; fileEncoding = 4; lastKnownFileType = sourcecode.c.objc; name = PropertiesView.m; path = ../PropertiesView.m; sourceTree = "<group>"; };
		4F0C6DFC18FD023900A0F186 /* HomeViewController.h */ = {isa = PBXFileReference; fileEncoding = 4; lastKnownFileType = sourcecode.c.h; path = HomeViewController.h; sourceTree = "<group>"; };
		4F0C6DFD18FD023900A0F186 /* HomeViewController.m */ = {isa = PBXFileReference; fileEncoding = 4; lastKnownFileType = sourcecode.c.objc; path = HomeViewController.m; sourceTree = "<group>"; };
		4F23B5F71919A39E006C0B58 /* DishTableViewCell.h */ = {isa = PBXFileReference; fileEncoding = 4; lastKnownFileType = sourcecode.c.h; path = DishTableViewCell.h; sourceTree = "<group>"; };
		4F23B5F81919A39E006C0B58 /* DishTableViewCell.m */ = {isa = PBXFileReference; fileEncoding = 4; lastKnownFileType = sourcecode.c.objc; path = DishTableViewCell.m; sourceTree = "<group>"; };
		4F240B321905F01400A405E2 /* MenuTabBarController.h */ = {isa = PBXFileReference; fileEncoding = 4; lastKnownFileType = sourcecode.c.h; path = MenuTabBarController.h; sourceTree = "<group>"; };
		4F240B331905F01400A405E2 /* MenuTabBarController.m */ = {isa = PBXFileReference; fileEncoding = 4; lastKnownFileType = sourcecode.c.objc; path = MenuTabBarController.m; sourceTree = "<group>"; };
		4F240B361905F05F00A405E2 /* Menu.h */ = {isa = PBXFileReference; fileEncoding = 4; lastKnownFileType = sourcecode.c.h; path = Menu.h; sourceTree = "<group>"; };
		4F240B371905F05F00A405E2 /* Menu.m */ = {isa = PBXFileReference; fileEncoding = 4; lastKnownFileType = sourcecode.c.objc; path = Menu.m; sourceTree = "<group>"; };
		4F26DFB21901BBBD002C4FEC /* RestaurantFactory.h */ = {isa = PBXFileReference; fileEncoding = 4; lastKnownFileType = sourcecode.c.h; path = RestaurantFactory.h; sourceTree = "<group>"; };
		4F26DFB31901BBBD002C4FEC /* RestaurantFactory.m */ = {isa = PBXFileReference; fileEncoding = 4; lastKnownFileType = sourcecode.c.objc; path = RestaurantFactory.m; sourceTree = "<group>"; };
		4F26DFB71901BDFA002C4FEC /* Restaurant.h */ = {isa = PBXFileReference; fileEncoding = 4; lastKnownFileType = sourcecode.c.h; path = Restaurant.h; sourceTree = "<group>"; };
		4F26DFB81901BDFA002C4FEC /* Restaurant.m */ = {isa = PBXFileReference; fileEncoding = 4; lastKnownFileType = sourcecode.c.objc; path = Restaurant.m; sourceTree = "<group>"; };
		4F3D43E01910665B007EA7A2 /* HomeTableViewCell.h */ = {isa = PBXFileReference; fileEncoding = 4; lastKnownFileType = sourcecode.c.h; path = HomeTableViewCell.h; sourceTree = "<group>"; };
		4F3D43E11910665B007EA7A2 /* HomeTableViewCell.m */ = {isa = PBXFileReference; fileEncoding = 4; lastKnownFileType = sourcecode.c.objc; path = HomeTableViewCell.m; sourceTree = "<group>"; };
		4F4546681921D89600F65094 /* LoginViewController.h */ = {isa = PBXFileReference; fileEncoding = 4; lastKnownFileType = sourcecode.c.h; path = LoginViewController.h; sourceTree = "<group>"; };
		4F4546691921D89600F65094 /* LoginViewController.m */ = {isa = PBXFileReference; fileEncoding = 4; lastKnownFileType = sourcecode.c.objc; path = LoginViewController.m; sourceTree = "<group>"; };
		4F45DD221918A7FC00B0CB7F /* CategoryViewController.h */ = {isa = PBXFileReference; fileEncoding = 4; lastKnownFileType = sourcecode.c.h; path = CategoryViewController.h; sourceTree = "<group>"; };
		4F45DD231918A7FD00B0CB7F /* CategoryViewController.m */ = {isa = PBXFileReference; fileEncoding = 4; lastKnownFileType = sourcecode.c.objc; path = CategoryViewController.m; sourceTree = "<group>"; };
		4F496F6E191F44B700424343 /* DishViewController.h */ = {isa = PBXFileReference; fileEncoding = 4; lastKnownFileType = sourcecode.c.h; path = DishViewController.h; sourceTree = "<group>"; };
		4F496F6F191F44B700424343 /* DishViewController.m */ = {isa = PBXFileReference; fileEncoding = 4; lastKnownFileType = sourcecode.c.objc; path = DishViewController.m; sourceTree = "<group>"; };
		4F5A493218FDEE420053D0B8 /* HomeTableViewDataSource.h */ = {isa = PBXFileReference; fileEncoding = 4; lastKnownFileType = sourcecode.c.h; path = HomeTableViewDataSource.h; sourceTree = "<group>"; };
		4F5A493318FDEE420053D0B8 /* HomeTableViewDataSource.m */ = {isa = PBXFileReference; fileEncoding = 4; lastKnownFileType = sourcecode.c.objc; path = HomeTableViewDataSource.m; sourceTree = "<group>"; };
		4F5D5F7218FCB0D00042A0BA /* Menyou.app */ = {isa = PBXFileReference; explicitFileType = wrapper.application; includeInIndex = 0; path = Menyou.app; sourceTree = BUILT_PRODUCTS_DIR; };
		4F5D5F7518FCB0D00042A0BA /* Foundation.framework */ = {isa = PBXFileReference; lastKnownFileType = wrapper.framework; name = Foundation.framework; path = System/Library/Frameworks/Foundation.framework; sourceTree = SDKROOT; };
		4F5D5F7718FCB0D00042A0BA /* CoreGraphics.framework */ = {isa = PBXFileReference; lastKnownFileType = wrapper.framework; name = CoreGraphics.framework; path = System/Library/Frameworks/CoreGraphics.framework; sourceTree = SDKROOT; };
		4F5D5F7918FCB0D00042A0BA /* UIKit.framework */ = {isa = PBXFileReference; lastKnownFileType = wrapper.framework; name = UIKit.framework; path = System/Library/Frameworks/UIKit.framework; sourceTree = SDKROOT; };
		4F5D5F7D18FCB0D00042A0BA /* Menyou-Info.plist */ = {isa = PBXFileReference; lastKnownFileType = text.plist.xml; path = "Menyou-Info.plist"; sourceTree = "<group>"; };
		4F5D5F7F18FCB0D00042A0BA /* en */ = {isa = PBXFileReference; lastKnownFileType = text.plist.strings; name = en; path = en.lproj/InfoPlist.strings; sourceTree = "<group>"; };
		4F5D5F8118FCB0D00042A0BA /* main.m */ = {isa = PBXFileReference; lastKnownFileType = sourcecode.c.objc; path = main.m; sourceTree = "<group>"; };
		4F5D5F8318FCB0D00042A0BA /* QuickMenu-Prefix.pch */ = {isa = PBXFileReference; lastKnownFileType = sourcecode.c.h; path = "QuickMenu-Prefix.pch"; sourceTree = "<group>"; };
		4F5D5F8418FCB0D00042A0BA /* AppDelegate.h */ = {isa = PBXFileReference; lastKnownFileType = sourcecode.c.h; path = AppDelegate.h; sourceTree = "<group>"; };
		4F5D5F8518FCB0D00042A0BA /* AppDelegate.m */ = {isa = PBXFileReference; lastKnownFileType = sourcecode.c.objc; path = AppDelegate.m; sourceTree = "<group>"; };
		4F5D5F8818FCB0D00042A0BA /* Base */ = {isa = PBXFileReference; lastKnownFileType = file.storyboard; name = Base; path = Base.lproj/Main_iPhone.storyboard; sourceTree = "<group>"; };
		4F5D5F8B18FCB0D00042A0BA /* Base */ = {isa = PBXFileReference; lastKnownFileType = file.storyboard; name = Base; path = Base.lproj/Main_iPad.storyboard; sourceTree = "<group>"; };
		4F5D5F8D18FCB0D00042A0BA /* ViewController.h */ = {isa = PBXFileReference; lastKnownFileType = sourcecode.c.h; path = ViewController.h; sourceTree = "<group>"; };
		4F5D5F8E18FCB0D00042A0BA /* ViewController.m */ = {isa = PBXFileReference; lastKnownFileType = sourcecode.c.objc; path = ViewController.m; sourceTree = "<group>"; };
		4F5D5F9018FCB0D00042A0BA /* Images.xcassets */ = {isa = PBXFileReference; lastKnownFileType = folder.assetcatalog; path = Images.xcassets; sourceTree = "<group>"; };
		4F5D5F9618FCB0D00042A0BA /* MenyouTests.xctest */ = {isa = PBXFileReference; explicitFileType = wrapper.cfbundle; includeInIndex = 0; path = MenyouTests.xctest; sourceTree = BUILT_PRODUCTS_DIR; };
		4F5D5F9718FCB0D00042A0BA /* XCTest.framework */ = {isa = PBXFileReference; lastKnownFileType = wrapper.framework; name = XCTest.framework; path = Library/Frameworks/XCTest.framework; sourceTree = DEVELOPER_DIR; };
		4F5D5F9F18FCB0D00042A0BA /* MenyouTests-Info.plist */ = {isa = PBXFileReference; lastKnownFileType = text.plist.xml; path = "MenyouTests-Info.plist"; sourceTree = "<group>"; };
		4F5D5FA118FCB0D00042A0BA /* en */ = {isa = PBXFileReference; lastKnownFileType = text.plist.strings; name = en; path = en.lproj/InfoPlist.strings; sourceTree = "<group>"; };
		4F5D5FA318FCB0D00042A0BA /* QuickMenuTests.m */ = {isa = PBXFileReference; lastKnownFileType = sourcecode.c.objc; path = QuickMenuTests.m; sourceTree = "<group>"; };
		4F64B88619257E1A0059E55F /* DataMatrix.h */ = {isa = PBXFileReference; fileEncoding = 4; lastKnownFileType = sourcecode.c.h; path = DataMatrix.h; sourceTree = "<group>"; };
		4F64B88719257E1A0059E55F /* DataMatrix.mm */ = {isa = PBXFileReference; fileEncoding = 4; lastKnownFileType = sourcecode.cpp.objcpp; path = DataMatrix.mm; sourceTree = "<group>"; };
		4F64B88819257E1A0059E55F /* QR_Encode.cpp */ = {isa = PBXFileReference; fileEncoding = 4; lastKnownFileType = sourcecode.cpp.cpp; path = QR_Encode.cpp; sourceTree = "<group>"; };
		4F64B88919257E1A0059E55F /* QR_Encode.h */ = {isa = PBXFileReference; fileEncoding = 4; lastKnownFileType = sourcecode.c.h; path = QR_Encode.h; sourceTree = "<group>"; };
		4F64B88A19257E1A0059E55F /* QRCodeEncoderObjectiveCAtGithub-Prefix.pch */ = {isa = PBXFileReference; fileEncoding = 4; lastKnownFileType = sourcecode.c.h; path = "QRCodeEncoderObjectiveCAtGithub-Prefix.pch"; sourceTree = "<group>"; };
		4F64B88B19257E1A0059E55F /* QREncoder-Prefix.pch */ = {isa = PBXFileReference; fileEncoding = 4; lastKnownFileType = sourcecode.c.h; path = "QREncoder-Prefix.pch"; sourceTree = "<group>"; };
		4F64B88C19257E1A0059E55F /* QREncoder.h */ = {isa = PBXFileReference; fileEncoding = 4; lastKnownFileType = sourcecode.c.h; path = QREncoder.h; sourceTree = "<group>"; };
		4F64B88D19257E1A0059E55F /* QREncoder.mm */ = {isa = PBXFileReference; fileEncoding = 4; lastKnownFileType = sourcecode.cpp.objcpp; path = QREncoder.mm; sourceTree = "<group>"; };
		4F64B891192582060059E55F /* MobileCoreServices.framework */ = {isa = PBXFileReference; lastKnownFileType = wrapper.framework; name = MobileCoreServices.framework; path = System/Library/Frameworks/MobileCoreServices.framework; sourceTree = SDKROOT; };
		4F7F5CD21933C3BB006FEFF2 /* AFNetworkActivityIndicatorManager.h */ = {isa = PBXFileReference; fileEncoding = 4; lastKnownFileType = sourcecode.c.h; path = AFNetworkActivityIndicatorManager.h; sourceTree = "<group>"; };
		4F7F5CD31933C3BB006FEFF2 /* AFNetworkActivityIndicatorManager.m */ = {isa = PBXFileReference; fileEncoding = 4; lastKnownFileType = sourcecode.c.objc; path = AFNetworkActivityIndicatorManager.m; sourceTree = "<group>"; };
		4F7F5CD41933C3BB006FEFF2 /* UIActivityIndicatorView+AFNetworking.h */ = {isa = PBXFileReference; fileEncoding = 4; lastKnownFileType = sourcecode.c.h; path = "UIActivityIndicatorView+AFNetworking.h"; sourceTree = "<group>"; };
		4F7F5CD51933C3BB006FEFF2 /* UIActivityIndicatorView+AFNetworking.m */ = {isa = PBXFileReference; fileEncoding = 4; lastKnownFileType = sourcecode.c.objc; path = "UIActivityIndicatorView+AFNetworking.m"; sourceTree = "<group>"; };
		4F7F5CD61933C3BB006FEFF2 /* UIAlertView+AFNetworking.h */ = {isa = PBXFileReference; fileEncoding = 4; lastKnownFileType = sourcecode.c.h; path = "UIAlertView+AFNetworking.h"; sourceTree = "<group>"; };
		4F7F5CD71933C3BB006FEFF2 /* UIAlertView+AFNetworking.m */ = {isa = PBXFileReference; fileEncoding = 4; lastKnownFileType = sourcecode.c.objc; path = "UIAlertView+AFNetworking.m"; sourceTree = "<group>"; };
		4F7F5CD81933C3BB006FEFF2 /* UIButton+AFNetworking.h */ = {isa = PBXFileReference; fileEncoding = 4; lastKnownFileType = sourcecode.c.h; path = "UIButton+AFNetworking.h"; sourceTree = "<group>"; };
		4F7F5CD91933C3BB006FEFF2 /* UIButton+AFNetworking.m */ = {isa = PBXFileReference; fileEncoding = 4; lastKnownFileType = sourcecode.c.objc; path = "UIButton+AFNetworking.m"; sourceTree = "<group>"; };
		4F7F5CDA1933C3BB006FEFF2 /* UIImageView+AFNetworking.h */ = {isa = PBXFileReference; fileEncoding = 4; lastKnownFileType = sourcecode.c.h; path = "UIImageView+AFNetworking.h"; sourceTree = "<group>"; };
		4F7F5CDB1933C3BB006FEFF2 /* UIImageView+AFNetworking.m */ = {isa = PBXFileReference; fileEncoding = 4; lastKnownFileType = sourcecode.c.objc; path = "UIImageView+AFNetworking.m"; sourceTree = "<group>"; };
		4F7F5CDC1933C3BB006FEFF2 /* UIKit+AFNetworking.h */ = {isa = PBXFileReference; fileEncoding = 4; lastKnownFileType = sourcecode.c.h; path = "UIKit+AFNetworking.h"; sourceTree = "<group>"; };
		4F7F5CDD1933C3BB006FEFF2 /* UIProgressView+AFNetworking.h */ = {isa = PBXFileReference; fileEncoding = 4; lastKnownFileType = sourcecode.c.h; path = "UIProgressView+AFNetworking.h"; sourceTree = "<group>"; };
		4F7F5CDE1933C3BB006FEFF2 /* UIProgressView+AFNetworking.m */ = {isa = PBXFileReference; fileEncoding = 4; lastKnownFileType = sourcecode.c.objc; path = "UIProgressView+AFNetworking.m"; sourceTree = "<group>"; };
		4F7F5CDF1933C3BB006FEFF2 /* UIRefreshControl+AFNetworking.h */ = {isa = PBXFileReference; fileEncoding = 4; lastKnownFileType = sourcecode.c.h; path = "UIRefreshControl+AFNetworking.h"; sourceTree = "<group>"; };
		4F7F5CE01933C3BB006FEFF2 /* UIRefreshControl+AFNetworking.m */ = {isa = PBXFileReference; fileEncoding = 4; lastKnownFileType = sourcecode.c.objc; path = "UIRefreshControl+AFNetworking.m"; sourceTree = "<group>"; };
		4F7F5CE11933C3BB006FEFF2 /* UIWebView+AFNetworking.h */ = {isa = PBXFileReference; fileEncoding = 4; lastKnownFileType = sourcecode.c.h; path = "UIWebView+AFNetworking.h"; sourceTree = "<group>"; };
		4F7F5CE21933C3BB006FEFF2 /* UIWebView+AFNetworking.m */ = {isa = PBXFileReference; fileEncoding = 4; lastKnownFileType = sourcecode.c.objc; path = "UIWebView+AFNetworking.m"; sourceTree = "<group>"; };
		4F7F5CEC19343815006FEFF2 /* ASImageScrollView.h */ = {isa = PBXFileReference; fileEncoding = 4; lastKnownFileType = sourcecode.c.h; path = ASImageScrollView.h; sourceTree = "<group>"; };
		4F7F5CED19343815006FEFF2 /* ASImageScrollView.m */ = {isa = PBXFileReference; fileEncoding = 4; lastKnownFileType = sourcecode.c.objc; path = ASImageScrollView.m; sourceTree = "<group>"; };
		4F7F5CEE19343815006FEFF2 /* ASMediaFocusController.h */ = {isa = PBXFileReference; fileEncoding = 4; lastKnownFileType = sourcecode.c.h; path = ASMediaFocusController.h; sourceTree = "<group>"; };
		4F7F5CEF19343815006FEFF2 /* ASMediaFocusController.m */ = {isa = PBXFileReference; fileEncoding = 4; lastKnownFileType = sourcecode.c.objc; path = ASMediaFocusController.m; sourceTree = "<group>"; };
		4F7F5CF019343815006FEFF2 /* ASMediaFocusController.xib */ = {isa = PBXFileReference; fileEncoding = 4; lastKnownFileType = file.xib; path = ASMediaFocusController.xib; sourceTree = "<group>"; };
		4F7F5CF119343815006FEFF2 /* ASMediaFocusManager.h */ = {isa = PBXFileReference; fileEncoding = 4; lastKnownFileType = sourcecode.c.h; path = ASMediaFocusManager.h; sourceTree = "<group>"; };
		4F7F5CF219343815006FEFF2 /* ASMediaFocusManager.m */ = {isa = PBXFileReference; fileEncoding = 4; lastKnownFileType = sourcecode.c.objc; path = ASMediaFocusManager.m; sourceTree = "<group>"; };
		4F7F5CF319343815006FEFF2 /* ASTransparentView.h */ = {isa = PBXFileReference; fileEncoding = 4; lastKnownFileType = sourcecode.c.h; path = ASTransparentView.h; sourceTree = "<group>"; };
		4F7F5CF419343815006FEFF2 /* ASTransparentView.m */ = {isa = PBXFileReference; fileEncoding = 4; lastKnownFileType = sourcecode.c.objc; path = ASTransparentView.m; sourceTree = "<group>"; };
		4F80A21C19009B510012A60F /* MenyouApi.h */ = {isa = PBXFileReference; fileEncoding = 4; lastKnownFileType = sourcecode.c.h; path = MenyouApi.h; sourceTree = "<group>"; };
		4F80A21D19009B510012A60F /* MenyouApi.m */ = {isa = PBXFileReference; fileEncoding = 4; lastKnownFileType = sourcecode.c.objc; path = MenyouApi.m; sourceTree = "<group>"; };
		4F8AEAA419283A4800479B23 /* AddRatingViewController.h */ = {isa = PBXFileReference; fileEncoding = 4; lastKnownFileType = sourcecode.c.h; path = AddRatingViewController.h; sourceTree = "<group>"; };
		4F8AEAA519283A4800479B23 /* AddRatingViewController.m */ = {isa = PBXFileReference; fileEncoding = 4; lastKnownFileType = sourcecode.c.objc; path = AddRatingViewController.m; sourceTree = "<group>"; };
		4F91227C1915744100139F81 /* MEDynamicTransition.h */ = {isa = PBXFileReference; fileEncoding = 4; lastKnownFileType = sourcecode.c.h; path = MEDynamicTransition.h; sourceTree = "<group>"; };
		4F91227D1915744100139F81 /* MEDynamicTransition.m */ = {isa = PBXFileReference; fileEncoding = 4; lastKnownFileType = sourcecode.c.objc; path = MEDynamicTransition.m; sourceTree = "<group>"; };
		4F94FEB5192D7ADD0091C3BC /* AVCamPreviewView.h */ = {isa = PBXFileReference; fileEncoding = 4; lastKnownFileType = sourcecode.c.h; path = AVCamPreviewView.h; sourceTree = "<group>"; };
		4F94FEB6192D7ADD0091C3BC /* AVCamPreviewView.m */ = {isa = PBXFileReference; fileEncoding = 4; lastKnownFileType = sourcecode.c.objc; path = AVCamPreviewView.m; sourceTree = "<group>"; };
		4F96295B18FD0FB600F4EC34 /* CoreLocation.framework */ = {isa = PBXFileReference; lastKnownFileType = wrapper.framework; name = CoreLocation.framework; path = System/Library/Frameworks/CoreLocation.framework; sourceTree = SDKROOT; };
		4FA0263F193D9055007DEE5C /* Menyou.entitlements */ = {isa = PBXFileReference; lastKnownFileType = text.xml; path = Menyou.entitlements; sourceTree = "<group>"; };
		4FA02640193D9079007DEE5C /* CloudKit.framework */ = {isa = PBXFileReference; lastKnownFileType = wrapper.framework; name = CloudKit.framework; path = System/Library/Frameworks/CloudKit.framework; sourceTree = SDKROOT; };
		4FA2C0AF191DB8C200793042 /* StarView.h */ = {isa = PBXFileReference; fileEncoding = 4; lastKnownFileType = sourcecode.c.h; path = StarView.h; sourceTree = "<group>"; };
		4FA2C0B0191DB8C200793042 /* StarView.m */ = {isa = PBXFileReference; fileEncoding = 4; lastKnownFileType = sourcecode.c.objc; path = StarView.m; sourceTree = "<group>"; };
		4FA80C0D192C686D00737687 /* TopDishesViewController.h */ = {isa = PBXFileReference; fileEncoding = 4; lastKnownFileType = sourcecode.c.h; path = TopDishesViewController.h; sourceTree = "<group>"; };
		4FA80C0E192C686D00737687 /* TopDishesViewController.m */ = {isa = PBXFileReference; fileEncoding = 4; lastKnownFileType = sourcecode.c.objc; path = TopDishesViewController.m; sourceTree = "<group>"; };
		4FB3AE621937F4D400D90AF5 /* FilterTableViewController.h */ = {isa = PBXFileReference; fileEncoding = 4; lastKnownFileType = sourcecode.c.h; path = FilterTableViewController.h; sourceTree = "<group>"; };
		4FB3AE631937F4D400D90AF5 /* FilterTableViewController.m */ = {isa = PBXFileReference; fileEncoding = 4; lastKnownFileType = sourcecode.c.objc; path = FilterTableViewController.m; sourceTree = "<group>"; };
		4FBF3CD919033BF100A51204 /* NSMutableURLRequest+Parameters.h */ = {isa = PBXFileReference; fileEncoding = 4; lastKnownFileType = sourcecode.c.h; path = "NSMutableURLRequest+Parameters.h"; sourceTree = "<group>"; };
		4FBF3CDA19033BF100A51204 /* NSMutableURLRequest+Parameters.m */ = {isa = PBXFileReference; fileEncoding = 4; lastKnownFileType = sourcecode.c.objc; path = "NSMutableURLRequest+Parameters.m"; sourceTree = "<group>"; };
		4FBF3CDB19033BF100A51204 /* NSString+URLEncoding.h */ = {isa = PBXFileReference; fileEncoding = 4; lastKnownFileType = sourcecode.c.h; path = "NSString+URLEncoding.h"; sourceTree = "<group>"; };
		4FBF3CDC19033BF100A51204 /* NSString+URLEncoding.m */ = {isa = PBXFileReference; fileEncoding = 4; lastKnownFileType = sourcecode.c.objc; path = "NSString+URLEncoding.m"; sourceTree = "<group>"; };
		4FBF3CDD19033BF100A51204 /* NSURL+Base.h */ = {isa = PBXFileReference; fileEncoding = 4; lastKnownFileType = sourcecode.c.h; path = "NSURL+Base.h"; sourceTree = "<group>"; };
		4FBF3CDE19033BF100A51204 /* NSURL+Base.m */ = {isa = PBXFileReference; fileEncoding = 4; lastKnownFileType = sourcecode.c.objc; path = "NSURL+Base.m"; sourceTree = "<group>"; };
		4FBF3CE019033BF100A51204 /* Base64Transcoder.c */ = {isa = PBXFileReference; fileEncoding = 4; lastKnownFileType = sourcecode.c.c; path = Base64Transcoder.c; sourceTree = "<group>"; };
		4FBF3CE119033BF100A51204 /* Base64Transcoder.h */ = {isa = PBXFileReference; fileEncoding = 4; lastKnownFileType = sourcecode.c.h; path = Base64Transcoder.h; sourceTree = "<group>"; };
		4FBF3CE219033BF100A51204 /* hmac.c */ = {isa = PBXFileReference; fileEncoding = 4; lastKnownFileType = sourcecode.c.c; path = hmac.c; sourceTree = "<group>"; };
		4FBF3CE319033BF100A51204 /* hmac.h */ = {isa = PBXFileReference; fileEncoding = 4; lastKnownFileType = sourcecode.c.h; path = hmac.h; sourceTree = "<group>"; };
		4FBF3CE419033BF100A51204 /* sha1.c */ = {isa = PBXFileReference; fileEncoding = 4; lastKnownFileType = sourcecode.c.c; path = sha1.c; sourceTree = "<group>"; };
		4FBF3CE519033BF100A51204 /* sha1.h */ = {isa = PBXFileReference; fileEncoding = 4; lastKnownFileType = sourcecode.c.h; path = sha1.h; sourceTree = "<group>"; };
		4FBF3CE619033BF100A51204 /* OACall.h */ = {isa = PBXFileReference; fileEncoding = 4; lastKnownFileType = sourcecode.c.h; path = OACall.h; sourceTree = "<group>"; };
		4FBF3CE719033BF100A51204 /* OACall.m */ = {isa = PBXFileReference; fileEncoding = 4; lastKnownFileType = sourcecode.c.objc; path = OACall.m; sourceTree = "<group>"; };
		4FBF3CE819033BF100A51204 /* OAConsumer.h */ = {isa = PBXFileReference; fileEncoding = 4; lastKnownFileType = sourcecode.c.h; path = OAConsumer.h; sourceTree = "<group>"; };
		4FBF3CE919033BF100A51204 /* OAConsumer.m */ = {isa = PBXFileReference; fileEncoding = 4; lastKnownFileType = sourcecode.c.objc; path = OAConsumer.m; sourceTree = "<group>"; };
		4FBF3CEA19033BF100A51204 /* OADataFetcher.h */ = {isa = PBXFileReference; fileEncoding = 4; lastKnownFileType = sourcecode.c.h; path = OADataFetcher.h; sourceTree = "<group>"; };
		4FBF3CEB19033BF100A51204 /* OADataFetcher.m */ = {isa = PBXFileReference; fileEncoding = 4; lastKnownFileType = sourcecode.c.objc; path = OADataFetcher.m; sourceTree = "<group>"; };
		4FBF3CEC19033BF100A51204 /* OAHMAC_SHA1SignatureProvider.h */ = {isa = PBXFileReference; fileEncoding = 4; lastKnownFileType = sourcecode.c.h; path = OAHMAC_SHA1SignatureProvider.h; sourceTree = "<group>"; };
		4FBF3CED19033BF100A51204 /* OAHMAC_SHA1SignatureProvider.m */ = {isa = PBXFileReference; fileEncoding = 4; lastKnownFileType = sourcecode.c.objc; path = OAHMAC_SHA1SignatureProvider.m; sourceTree = "<group>"; };
		4FBF3CEE19033BF100A51204 /* OAMutableURLRequest.h */ = {isa = PBXFileReference; fileEncoding = 4; lastKnownFileType = sourcecode.c.h; path = OAMutableURLRequest.h; sourceTree = "<group>"; };
		4FBF3CEF19033BF100A51204 /* OAMutableURLRequest.m */ = {isa = PBXFileReference; fileEncoding = 4; lastKnownFileType = sourcecode.c.objc; path = OAMutableURLRequest.m; sourceTree = "<group>"; };
		4FBF3CF019033BF100A51204 /* OAPlaintextSignatureProvider.h */ = {isa = PBXFileReference; fileEncoding = 4; lastKnownFileType = sourcecode.c.h; path = OAPlaintextSignatureProvider.h; sourceTree = "<group>"; };
		4FBF3CF119033BF100A51204 /* OAPlaintextSignatureProvider.m */ = {isa = PBXFileReference; fileEncoding = 4; lastKnownFileType = sourcecode.c.objc; path = OAPlaintextSignatureProvider.m; sourceTree = "<group>"; };
		4FBF3CF219033BF100A51204 /* OAProblem.h */ = {isa = PBXFileReference; fileEncoding = 4; lastKnownFileType = sourcecode.c.h; path = OAProblem.h; sourceTree = "<group>"; };
		4FBF3CF319033BF100A51204 /* OAProblem.m */ = {isa = PBXFileReference; fileEncoding = 4; lastKnownFileType = sourcecode.c.objc; path = OAProblem.m; sourceTree = "<group>"; };
		4FBF3CF419033BF100A51204 /* OARequestParameter.h */ = {isa = PBXFileReference; fileEncoding = 4; lastKnownFileType = sourcecode.c.h; path = OARequestParameter.h; sourceTree = "<group>"; };
		4FBF3CF519033BF100A51204 /* OARequestParameter.m */ = {isa = PBXFileReference; fileEncoding = 4; lastKnownFileType = sourcecode.c.objc; path = OARequestParameter.m; sourceTree = "<group>"; };
		4FBF3CF619033BF100A51204 /* OAServiceTicket.h */ = {isa = PBXFileReference; fileEncoding = 4; lastKnownFileType = sourcecode.c.h; path = OAServiceTicket.h; sourceTree = "<group>"; };
		4FBF3CF719033BF100A51204 /* OAServiceTicket.m */ = {isa = PBXFileReference; fileEncoding = 4; lastKnownFileType = sourcecode.c.objc; path = OAServiceTicket.m; sourceTree = "<group>"; };
		4FBF3CF819033BF100A51204 /* OASignatureProviding.h */ = {isa = PBXFileReference; fileEncoding = 4; lastKnownFileType = sourcecode.c.h; path = OASignatureProviding.h; sourceTree = "<group>"; };
		4FBF3CF919033BF100A51204 /* OAToken.h */ = {isa = PBXFileReference; fileEncoding = 4; lastKnownFileType = sourcecode.c.h; path = OAToken.h; sourceTree = "<group>"; };
		4FBF3CFA19033BF100A51204 /* OAToken.m */ = {isa = PBXFileReference; fileEncoding = 4; lastKnownFileType = sourcecode.c.objc; path = OAToken.m; sourceTree = "<group>"; };
		4FBF3CFB19033BF100A51204 /* OATokenManager.h */ = {isa = PBXFileReference; fileEncoding = 4; lastKnownFileType = sourcecode.c.h; path = OATokenManager.h; sourceTree = "<group>"; };
		4FBF3CFC19033BF100A51204 /* OATokenManager.m */ = {isa = PBXFileReference; fileEncoding = 4; lastKnownFileType = sourcecode.c.objc; path = OATokenManager.m; sourceTree = "<group>"; };
		4FBF3CFD19033BF100A51204 /* OAuthConsumer.h */ = {isa = PBXFileReference; fileEncoding = 4; lastKnownFileType = sourcecode.c.h; path = OAuthConsumer.h; sourceTree = "<group>"; };
		4FC4E810193263F1008609A6 /* AFHTTPRequestOperation.h */ = {isa = PBXFileReference; fileEncoding = 4; lastKnownFileType = sourcecode.c.h; path = AFHTTPRequestOperation.h; sourceTree = "<group>"; };
		4FC4E811193263F1008609A6 /* AFHTTPRequestOperation.m */ = {isa = PBXFileReference; fileEncoding = 4; lastKnownFileType = sourcecode.c.objc; path = AFHTTPRequestOperation.m; sourceTree = "<group>"; };
		4FC4E812193263F1008609A6 /* AFHTTPRequestOperationManager.h */ = {isa = PBXFileReference; fileEncoding = 4; lastKnownFileType = sourcecode.c.h; path = AFHTTPRequestOperationManager.h; sourceTree = "<group>"; };
		4FC4E813193263F1008609A6 /* AFHTTPRequestOperationManager.m */ = {isa = PBXFileReference; fileEncoding = 4; lastKnownFileType = sourcecode.c.objc; path = AFHTTPRequestOperationManager.m; sourceTree = "<group>"; };
		4FC4E814193263F1008609A6 /* AFHTTPSessionManager.h */ = {isa = PBXFileReference; fileEncoding = 4; lastKnownFileType = sourcecode.c.h; path = AFHTTPSessionManager.h; sourceTree = "<group>"; };
		4FC4E815193263F1008609A6 /* AFHTTPSessionManager.m */ = {isa = PBXFileReference; fileEncoding = 4; lastKnownFileType = sourcecode.c.objc; path = AFHTTPSessionManager.m; sourceTree = "<group>"; };
		4FC4E816193263F1008609A6 /* AFNetworking.h */ = {isa = PBXFileReference; fileEncoding = 4; lastKnownFileType = sourcecode.c.h; path = AFNetworking.h; sourceTree = "<group>"; };
		4FC4E817193263F1008609A6 /* AFNetworkReachabilityManager.h */ = {isa = PBXFileReference; fileEncoding = 4; lastKnownFileType = sourcecode.c.h; path = AFNetworkReachabilityManager.h; sourceTree = "<group>"; };
		4FC4E818193263F1008609A6 /* AFNetworkReachabilityManager.m */ = {isa = PBXFileReference; fileEncoding = 4; lastKnownFileType = sourcecode.c.objc; path = AFNetworkReachabilityManager.m; sourceTree = "<group>"; };
		4FC4E819193263F1008609A6 /* AFSecurityPolicy.h */ = {isa = PBXFileReference; fileEncoding = 4; lastKnownFileType = sourcecode.c.h; path = AFSecurityPolicy.h; sourceTree = "<group>"; };
		4FC4E81A193263F1008609A6 /* AFSecurityPolicy.m */ = {isa = PBXFileReference; fileEncoding = 4; lastKnownFileType = sourcecode.c.objc; path = AFSecurityPolicy.m; sourceTree = "<group>"; };
		4FC4E81B193263F1008609A6 /* AFURLConnectionOperation.h */ = {isa = PBXFileReference; fileEncoding = 4; lastKnownFileType = sourcecode.c.h; path = AFURLConnectionOperation.h; sourceTree = "<group>"; };
		4FC4E81C193263F1008609A6 /* AFURLConnectionOperation.m */ = {isa = PBXFileReference; fileEncoding = 4; lastKnownFileType = sourcecode.c.objc; path = AFURLConnectionOperation.m; sourceTree = "<group>"; };
		4FC4E81D193263F1008609A6 /* AFURLRequestSerialization.h */ = {isa = PBXFileReference; fileEncoding = 4; lastKnownFileType = sourcecode.c.h; path = AFURLRequestSerialization.h; sourceTree = "<group>"; };
		4FC4E81E193263F1008609A6 /* AFURLRequestSerialization.m */ = {isa = PBXFileReference; fileEncoding = 4; lastKnownFileType = sourcecode.c.objc; path = AFURLRequestSerialization.m; sourceTree = "<group>"; };
		4FC4E81F193263F1008609A6 /* AFURLResponseSerialization.h */ = {isa = PBXFileReference; fileEncoding = 4; lastKnownFileType = sourcecode.c.h; path = AFURLResponseSerialization.h; sourceTree = "<group>"; };
		4FC4E820193263F1008609A6 /* AFURLResponseSerialization.m */ = {isa = PBXFileReference; fileEncoding = 4; lastKnownFileType = sourcecode.c.objc; path = AFURLResponseSerialization.m; sourceTree = "<group>"; };
		4FC4E821193263F1008609A6 /* AFURLSessionManager.h */ = {isa = PBXFileReference; fileEncoding = 4; lastKnownFileType = sourcecode.c.h; path = AFURLSessionManager.h; sourceTree = "<group>"; };
		4FC4E822193263F1008609A6 /* AFURLSessionManager.m */ = {isa = PBXFileReference; fileEncoding = 4; lastKnownFileType = sourcecode.c.objc; path = AFURLSessionManager.m; sourceTree = "<group>"; };
		4FE30100190C72860053EA95 /* ECPercentDrivenInteractiveTransition.h */ = {isa = PBXFileReference; fileEncoding = 4; lastKnownFileType = sourcecode.c.h; path = ECPercentDrivenInteractiveTransition.h; sourceTree = "<group>"; };
		4FE30101190C72860053EA95 /* ECPercentDrivenInteractiveTransition.m */ = {isa = PBXFileReference; fileEncoding = 4; lastKnownFileType = sourcecode.c.objc; path = ECPercentDrivenInteractiveTransition.m; sourceTree = "<group>"; };
		4FE30102190C72860053EA95 /* ECSlidingAnimationController.h */ = {isa = PBXFileReference; fileEncoding = 4; lastKnownFileType = sourcecode.c.h; path = ECSlidingAnimationController.h; sourceTree = "<group>"; };
		4FE30103190C72860053EA95 /* ECSlidingAnimationController.m */ = {isa = PBXFileReference; fileEncoding = 4; lastKnownFileType = sourcecode.c.objc; path = ECSlidingAnimationController.m; sourceTree = "<group>"; };
		4FE30104190C72860053EA95 /* ECSlidingConstants.h */ = {isa = PBXFileReference; fileEncoding = 4; lastKnownFileType = sourcecode.c.h; path = ECSlidingConstants.h; sourceTree = "<group>"; };
		4FE30105190C72860053EA95 /* ECSlidingInteractiveTransition.h */ = {isa = PBXFileReference; fileEncoding = 4; lastKnownFileType = sourcecode.c.h; path = ECSlidingInteractiveTransition.h; sourceTree = "<group>"; };
		4FE30106190C72860053EA95 /* ECSlidingInteractiveTransition.m */ = {isa = PBXFileReference; fileEncoding = 4; lastKnownFileType = sourcecode.c.objc; path = ECSlidingInteractiveTransition.m; sourceTree = "<group>"; };
		4FE30107190C72860053EA95 /* ECSlidingSegue.h */ = {isa = PBXFileReference; fileEncoding = 4; lastKnownFileType = sourcecode.c.h; path = ECSlidingSegue.h; sourceTree = "<group>"; };
		4FE30108190C72860053EA95 /* ECSlidingSegue.m */ = {isa = PBXFileReference; fileEncoding = 4; lastKnownFileType = sourcecode.c.objc; path = ECSlidingSegue.m; sourceTree = "<group>"; };
		4FE30109190C72860053EA95 /* ECSlidingViewController.h */ = {isa = PBXFileReference; fileEncoding = 4; lastKnownFileType = sourcecode.c.h; path = ECSlidingViewController.h; sourceTree = "<group>"; };
		4FE3010A190C72860053EA95 /* ECSlidingViewController.m */ = {isa = PBXFileReference; fileEncoding = 4; lastKnownFileType = sourcecode.c.objc; path = ECSlidingViewController.m; sourceTree = "<group>"; };
		4FE3010B190C72860053EA95 /* UIViewController+ECSlidingViewController.h */ = {isa = PBXFileReference; fileEncoding = 4; lastKnownFileType = sourcecode.c.h; path = "UIViewController+ECSlidingViewController.h"; sourceTree = "<group>"; };
		4FE3010C190C72860053EA95 /* UIViewController+ECSlidingViewController.m */ = {isa = PBXFileReference; fileEncoding = 4; lastKnownFileType = sourcecode.c.objc; path = "UIViewController+ECSlidingViewController.m"; sourceTree = "<group>"; };
		4FE30113190C7A5F0053EA95 /* LeftTableViewController.h */ = {isa = PBXFileReference; fileEncoding = 4; lastKnownFileType = sourcecode.c.h; path = LeftTableViewController.h; sourceTree = "<group>"; };
		4FE30114190C7A5F0053EA95 /* LeftTableViewController.m */ = {isa = PBXFileReference; fileEncoding = 4; lastKnownFileType = sourcecode.c.objc; path = LeftTableViewController.m; sourceTree = "<group>"; };
		4FEAB18A191EB8AE00B9314E /* SettingsViewController.h */ = {isa = PBXFileReference; fileEncoding = 4; lastKnownFileType = sourcecode.c.h; path = SettingsViewController.h; sourceTree = "<group>"; };
		4FEAB18B191EB8AE00B9314E /* SettingsViewController.m */ = {isa = PBXFileReference; fileEncoding = 4; lastKnownFileType = sourcecode.c.objc; path = SettingsViewController.m; sourceTree = "<group>"; };
		4FECC2F1192FB77F0092B1D7 /* QuartzCore.framework */ = {isa = PBXFileReference; lastKnownFileType = wrapper.framework; name = QuartzCore.framework; path = System/Library/Frameworks/QuartzCore.framework; sourceTree = SDKROOT; };
		4FECC2F4192FB7D40092B1D7 /* WYPopoverController.h */ = {isa = PBXFileReference; fileEncoding = 4; lastKnownFileType = sourcecode.c.h; path = WYPopoverController.h; sourceTree = "<group>"; };
		4FECC2F5192FB7D40092B1D7 /* WYPopoverController.m */ = {isa = PBXFileReference; fileEncoding = 4; lastKnownFileType = sourcecode.c.objc; path = WYPopoverController.m; sourceTree = "<group>"; };
		4FECC2F6192FB7D40092B1D7 /* WYStoryboardPopoverSegue.h */ = {isa = PBXFileReference; fileEncoding = 4; lastKnownFileType = sourcecode.c.h; path = WYStoryboardPopoverSegue.h; sourceTree = "<group>"; };
		4FECC2F7192FB7D40092B1D7 /* WYStoryboardPopoverSegue.m */ = {isa = PBXFileReference; fileEncoding = 4; lastKnownFileType = sourcecode.c.objc; path = WYStoryboardPopoverSegue.m; sourceTree = "<group>"; };
		4FFDD6261907268B008DEE69 /* MyMenuViewController.h */ = {isa = PBXFileReference; fileEncoding = 4; lastKnownFileType = sourcecode.c.h; path = MyMenuViewController.h; sourceTree = "<group>"; };
		4FFDD6271907268B008DEE69 /* MyMenuViewController.mm */ = {isa = PBXFileReference; fileEncoding = 4; lastKnownFileType = sourcecode.cpp.objcpp; path = MyMenuViewController.mm; sourceTree = "<group>"; };
		7296A73D1932D2FE00599C89 /* ScannerViewController.h */ = {isa = PBXFileReference; fileEncoding = 4; lastKnownFileType = sourcecode.c.h; path = ScannerViewController.h; sourceTree = "<group>"; };
		7296A73E1932D2FE00599C89 /* ScannerViewController.m */ = {isa = PBXFileReference; fileEncoding = 4; lastKnownFileType = sourcecode.c.objc; path = ScannerViewController.m; sourceTree = "<group>"; };
		7296A74019383ABD00599C89 /* OrderViewController.h */ = {isa = PBXFileReference; fileEncoding = 4; lastKnownFileType = sourcecode.c.h; path = OrderViewController.h; sourceTree = "<group>"; };
		7296A74119383ABD00599C89 /* OrderViewController.m */ = {isa = PBXFileReference; fileEncoding = 4; lastKnownFileType = sourcecode.c.objc; path = OrderViewController.m; sourceTree = "<group>"; };
		72CCDCAB19131C9D00A5681D /* Categories.h */ = {isa = PBXFileReference; fileEncoding = 4; lastKnownFileType = sourcecode.c.h; path = Categories.h; sourceTree = "<group>"; };
		72CCDCAC19131C9D00A5681D /* Categories.m */ = {isa = PBXFileReference; fileEncoding = 4; lastKnownFileType = sourcecode.c.objc; path = Categories.m; sourceTree = "<group>"; };
		72CCDCAE19131CE400A5681D /* Dish.h */ = {isa = PBXFileReference; fileEncoding = 4; lastKnownFileType = sourcecode.c.h; path = Dish.h; sourceTree = "<group>"; };
		72CCDCAF19131CE400A5681D /* Dish.m */ = {isa = PBXFileReference; fileEncoding = 4; lastKnownFileType = sourcecode.c.objc; path = Dish.m; sourceTree = "<group>"; };
/* End PBXFileReference section */

/* Begin PBXFrameworksBuildPhase section */
		4F5D5F6F18FCB0D00042A0BA /* Frameworks */ = {
			isa = PBXFrameworksBuildPhase;
			buildActionMask = 2147483647;
			files = (
				4FA02641193D9079007DEE5C /* CloudKit.framework in Frameworks */,
				4FECC2F2192FB77F0092B1D7 /* QuartzCore.framework in Frameworks */,
				4F64B892192582060059E55F /* MobileCoreServices.framework in Frameworks */,
				4F96295C18FD0FB600F4EC34 /* CoreLocation.framework in Frameworks */,
				4F5D5F7818FCB0D00042A0BA /* CoreGraphics.framework in Frameworks */,
				4F5D5F7A18FCB0D00042A0BA /* UIKit.framework in Frameworks */,
				4F5D5F7618FCB0D00042A0BA /* Foundation.framework in Frameworks */,
			);
			runOnlyForDeploymentPostprocessing = 0;
		};
		4F5D5F9318FCB0D00042A0BA /* Frameworks */ = {
			isa = PBXFrameworksBuildPhase;
			buildActionMask = 2147483647;
			files = (
				4F5D5F9818FCB0D00042A0BA /* XCTest.framework in Frameworks */,
				4F5D5F9A18FCB0D00042A0BA /* UIKit.framework in Frameworks */,
				4F5D5F9918FCB0D00042A0BA /* Foundation.framework in Frameworks */,
			);
			runOnlyForDeploymentPostprocessing = 0;
		};
/* End PBXFrameworksBuildPhase section */

/* Begin PBXGroup section */
		4F240B351905F04300A405E2 /* Model */ = {
			isa = PBXGroup;
			children = (
				72CCDCAB19131C9D00A5681D /* Categories.h */,
				72CCDCAC19131C9D00A5681D /* Categories.m */,
				72CCDCAE19131CE400A5681D /* Dish.h */,
				72CCDCAF19131CE400A5681D /* Dish.m */,
				4F240B361905F05F00A405E2 /* Menu.h */,
				4F240B371905F05F00A405E2 /* Menu.m */,
			);
			name = Model;
			sourceTree = "<group>";
		};
		4F26DFB51901BDD0002C4FEC /* ApiData */ = {
			isa = PBXGroup;
			children = (
				4F26DFB21901BBBD002C4FEC /* RestaurantFactory.h */,
				4F26DFB31901BBBD002C4FEC /* RestaurantFactory.m */,
				4F26DFB71901BDFA002C4FEC /* Restaurant.h */,
				4F26DFB81901BDFA002C4FEC /* Restaurant.m */,
			);
			name = ApiData;
			sourceTree = "<group>";
		};
		4F26DFB61901BDE3002C4FEC /* MenyouData */ = {
			isa = PBXGroup;
			children = (
				4F240B351905F04300A405E2 /* Model */,
				4F80A21C19009B510012A60F /* MenyouApi.h */,
				4F80A21D19009B510012A60F /* MenyouApi.m */,
				4FA2C0AF191DB8C200793042 /* StarView.h */,
				4FA2C0B0191DB8C200793042 /* StarView.m */,
				39C16B91193EB0E700F278E5 /* PropertiesView.h */,
				39C16B92193EB0E700F278E5 /* PropertiesView.m */,
			);
			name = MenyouData;
			sourceTree = "<group>";
		};
		4F5D5F6918FCB0D00042A0BA = {
			isa = PBXGroup;
			children = (
				4FA0263F193D9055007DEE5C /* Menyou.entitlements */,
				4F5D5F7B18FCB0D00042A0BA /* QuickMenu */,
				4F5D5F9D18FCB0D00042A0BA /* QuickMenuTests */,
				4F5D5F7418FCB0D00042A0BA /* Frameworks */,
				4F5D5F7318FCB0D00042A0BA /* Products */,
			);
			sourceTree = "<group>";
		};
		4F5D5F7318FCB0D00042A0BA /* Products */ = {
			isa = PBXGroup;
			children = (
				4F5D5F7218FCB0D00042A0BA /* Menyou.app */,
				4F5D5F9618FCB0D00042A0BA /* MenyouTests.xctest */,
			);
			name = Products;
			sourceTree = "<group>";
		};
		4F5D5F7418FCB0D00042A0BA /* Frameworks */ = {
			isa = PBXGroup;
			children = (
				4FA02640193D9079007DEE5C /* CloudKit.framework */,
				4FECC2F1192FB77F0092B1D7 /* QuartzCore.framework */,
				4F64B891192582060059E55F /* MobileCoreServices.framework */,
				4F96295B18FD0FB600F4EC34 /* CoreLocation.framework */,
				4F5D5F7518FCB0D00042A0BA /* Foundation.framework */,
				4F5D5F7718FCB0D00042A0BA /* CoreGraphics.framework */,
				4F5D5F7918FCB0D00042A0BA /* UIKit.framework */,
				4F5D5F9718FCB0D00042A0BA /* XCTest.framework */,
			);
			name = Frameworks;
			sourceTree = "<group>";
		};
		4F5D5F7B18FCB0D00042A0BA /* QuickMenu */ = {
			isa = PBXGroup;
			children = (
				4FC4E80F193263F1008609A6 /* AFNetworking */,
				4F26DFB51901BDD0002C4FEC /* ApiData */,
				4F7F5CEB19343815006FEFF2 /* ASMediaFocusManager */,
				4FE300FF190C72860053EA95 /* ECSlidingViewController */,
				4FBF3CD619033BD800A51204 /* Libraries */,
				4F26DFB61901BDE3002C4FEC /* MenyouData */,
				4FECC2F3192FB7C00092B1D7 /* PopOver */,
				4F64B88519257E1A0059E55F /* QRCodeEncoderObjectiveCAtGithub */,
				4F5D5F7C18FCB0D00042A0BA /* Supporting Files */,
				4F7F5CD11933C3BB006FEFF2 /* UIKit+AFNetworking */,
				4F5D5F9018FCB0D00042A0BA /* Images.xcassets */,
				4F8AEAA419283A4800479B23 /* AddRatingViewController.h */,
				4F8AEAA519283A4800479B23 /* AddRatingViewController.m */,
				4F94FEB5192D7ADD0091C3BC /* AVCamPreviewView.h */,
				4F94FEB6192D7ADD0091C3BC /* AVCamPreviewView.m */,
				4F45DD221918A7FC00B0CB7F /* CategoryViewController.h */,
				4F45DD231918A7FD00B0CB7F /* CategoryViewController.m */,
				4F23B5F71919A39E006C0B58 /* DishTableViewCell.h */,
				4F23B5F81919A39E006C0B58 /* DishTableViewCell.m */,
				4F496F6E191F44B700424343 /* DishViewController.h */,
				4F496F6F191F44B700424343 /* DishViewController.m */,
				4FB3AE621937F4D400D90AF5 /* FilterTableViewController.h */,
				4FB3AE631937F4D400D90AF5 /* FilterTableViewController.m */,
				4F3D43E01910665B007EA7A2 /* HomeTableViewCell.h */,
				4F3D43E11910665B007EA7A2 /* HomeTableViewCell.m */,
				4F5A493218FDEE420053D0B8 /* HomeTableViewDataSource.h */,
				4F5A493318FDEE420053D0B8 /* HomeTableViewDataSource.m */,
				4F0C6DFC18FD023900A0F186 /* HomeViewController.h */,
				4F0C6DFD18FD023900A0F186 /* HomeViewController.m */,
				4FE30113190C7A5F0053EA95 /* LeftTableViewController.h */,
				4FE30114190C7A5F0053EA95 /* LeftTableViewController.m */,
				4F4546681921D89600F65094 /* LoginViewController.h */,
				4F4546691921D89600F65094 /* LoginViewController.m */,
				4F5D5F8A18FCB0D00042A0BA /* Main_iPad.storyboard */,
				4F5D5F8718FCB0D00042A0BA /* Main_iPhone.storyboard */,
				4F240B321905F01400A405E2 /* MenuTabBarController.h */,
				4F240B331905F01400A405E2 /* MenuTabBarController.m */,
				4FFDD6261907268B008DEE69 /* MyMenuViewController.h */,
				4FFDD6271907268B008DEE69 /* MyMenuViewController.mm */,
				7296A74019383ABD00599C89 /* OrderViewController.h */,
				7296A74119383ABD00599C89 /* OrderViewController.m */,
				7296A73D1932D2FE00599C89 /* ScannerViewController.h */,
				7296A73E1932D2FE00599C89 /* ScannerViewController.m */,
				4FEAB18A191EB8AE00B9314E /* SettingsViewController.h */,
				4FEAB18B191EB8AE00B9314E /* SettingsViewController.m */,
				4FA80C0D192C686D00737687 /* TopDishesViewController.h */,
				4FA80C0E192C686D00737687 /* TopDishesViewController.m */,
				4F5D5F8D18FCB0D00042A0BA /* ViewController.h */,
				4F5D5F8E18FCB0D00042A0BA /* ViewController.m */,
			);
			path = QuickMenu;
			sourceTree = "<group>";
		};
		4F5D5F7C18FCB0D00042A0BA /* Supporting Files */ = {
			isa = PBXGroup;
			children = (
				4F5D5F8418FCB0D00042A0BA /* AppDelegate.h */,
				4F5D5F8518FCB0D00042A0BA /* AppDelegate.m */,
				4F5D5F7D18FCB0D00042A0BA /* Menyou-Info.plist */,
				4F5D5F7E18FCB0D00042A0BA /* InfoPlist.strings */,
				4F5D5F8118FCB0D00042A0BA /* main.m */,
				4F5D5F8318FCB0D00042A0BA /* QuickMenu-Prefix.pch */,
			);
			name = "Supporting Files";
			sourceTree = "<group>";
		};
		4F5D5F9D18FCB0D00042A0BA /* QuickMenuTests */ = {
			isa = PBXGroup;
			children = (
				4F5D5FA318FCB0D00042A0BA /* QuickMenuTests.m */,
				4F5D5F9E18FCB0D00042A0BA /* Supporting Files */,
			);
			path = QuickMenuTests;
			sourceTree = "<group>";
		};
		4F5D5F9E18FCB0D00042A0BA /* Supporting Files */ = {
			isa = PBXGroup;
			children = (
				4F5D5F9F18FCB0D00042A0BA /* MenyouTests-Info.plist */,
				4F5D5FA018FCB0D00042A0BA /* InfoPlist.strings */,
			);
			name = "Supporting Files";
			sourceTree = "<group>";
		};
		4F64B88519257E1A0059E55F /* QRCodeEncoderObjectiveCAtGithub */ = {
			isa = PBXGroup;
			children = (
				4F64B88619257E1A0059E55F /* DataMatrix.h */,
				4F64B88719257E1A0059E55F /* DataMatrix.mm */,
				4F64B88819257E1A0059E55F /* QR_Encode.cpp */,
				4F64B88919257E1A0059E55F /* QR_Encode.h */,
				4F64B88A19257E1A0059E55F /* QRCodeEncoderObjectiveCAtGithub-Prefix.pch */,
				4F64B88B19257E1A0059E55F /* QREncoder-Prefix.pch */,
				4F64B88C19257E1A0059E55F /* QREncoder.h */,
				4F64B88D19257E1A0059E55F /* QREncoder.mm */,
			);
			path = QRCodeEncoderObjectiveCAtGithub;
			sourceTree = "<group>";
		};
		4F7F5CD11933C3BB006FEFF2 /* UIKit+AFNetworking */ = {
			isa = PBXGroup;
			children = (
				4F7F5CD21933C3BB006FEFF2 /* AFNetworkActivityIndicatorManager.h */,
				4F7F5CD31933C3BB006FEFF2 /* AFNetworkActivityIndicatorManager.m */,
				4F7F5CD41933C3BB006FEFF2 /* UIActivityIndicatorView+AFNetworking.h */,
				4F7F5CD51933C3BB006FEFF2 /* UIActivityIndicatorView+AFNetworking.m */,
				4F7F5CD61933C3BB006FEFF2 /* UIAlertView+AFNetworking.h */,
				4F7F5CD71933C3BB006FEFF2 /* UIAlertView+AFNetworking.m */,
				4F7F5CD81933C3BB006FEFF2 /* UIButton+AFNetworking.h */,
				4F7F5CD91933C3BB006FEFF2 /* UIButton+AFNetworking.m */,
				4F7F5CDA1933C3BB006FEFF2 /* UIImageView+AFNetworking.h */,
				4F7F5CDB1933C3BB006FEFF2 /* UIImageView+AFNetworking.m */,
				4F7F5CDC1933C3BB006FEFF2 /* UIKit+AFNetworking.h */,
				4F7F5CDD1933C3BB006FEFF2 /* UIProgressView+AFNetworking.h */,
				4F7F5CDE1933C3BB006FEFF2 /* UIProgressView+AFNetworking.m */,
				4F7F5CDF1933C3BB006FEFF2 /* UIRefreshControl+AFNetworking.h */,
				4F7F5CE01933C3BB006FEFF2 /* UIRefreshControl+AFNetworking.m */,
				4F7F5CE11933C3BB006FEFF2 /* UIWebView+AFNetworking.h */,
				4F7F5CE21933C3BB006FEFF2 /* UIWebView+AFNetworking.m */,
			);
			path = "UIKit+AFNetworking";
			sourceTree = "<group>";
		};
		4F7F5CEB19343815006FEFF2 /* ASMediaFocusManager */ = {
			isa = PBXGroup;
			children = (
				4F7F5CEC19343815006FEFF2 /* ASImageScrollView.h */,
				4F7F5CED19343815006FEFF2 /* ASImageScrollView.m */,
				4F7F5CEE19343815006FEFF2 /* ASMediaFocusController.h */,
				4F7F5CEF19343815006FEFF2 /* ASMediaFocusController.m */,
				4F7F5CF019343815006FEFF2 /* ASMediaFocusController.xib */,
				4F7F5CF119343815006FEFF2 /* ASMediaFocusManager.h */,
				4F7F5CF219343815006FEFF2 /* ASMediaFocusManager.m */,
				4F7F5CF319343815006FEFF2 /* ASTransparentView.h */,
				4F7F5CF419343815006FEFF2 /* ASTransparentView.m */,
			);
			path = ASMediaFocusManager;
			sourceTree = "<group>";
		};
		4FBF3CD619033BD800A51204 /* Libraries */ = {
			isa = PBXGroup;
			children = (
				4FBF3CD719033BF100A51204 /* OAuthConsumer */,
			);
			name = Libraries;
			sourceTree = "<group>";
		};
		4FBF3CD719033BF100A51204 /* OAuthConsumer */ = {
			isa = PBXGroup;
			children = (
				4FBF3CD819033BF100A51204 /* Categories */,
				4FBF3CDF19033BF100A51204 /* Crytpo */,
				4FBF3CE619033BF100A51204 /* OACall.h */,
				4FBF3CE719033BF100A51204 /* OACall.m */,
				4FBF3CE819033BF100A51204 /* OAConsumer.h */,
				4FBF3CE919033BF100A51204 /* OAConsumer.m */,
				4FBF3CEA19033BF100A51204 /* OADataFetcher.h */,
				4FBF3CEB19033BF100A51204 /* OADataFetcher.m */,
				4FBF3CEC19033BF100A51204 /* OAHMAC_SHA1SignatureProvider.h */,
				4FBF3CED19033BF100A51204 /* OAHMAC_SHA1SignatureProvider.m */,
				4FBF3CEE19033BF100A51204 /* OAMutableURLRequest.h */,
				4FBF3CEF19033BF100A51204 /* OAMutableURLRequest.m */,
				4FBF3CF019033BF100A51204 /* OAPlaintextSignatureProvider.h */,
				4FBF3CF119033BF100A51204 /* OAPlaintextSignatureProvider.m */,
				4FBF3CF219033BF100A51204 /* OAProblem.h */,
				4FBF3CF319033BF100A51204 /* OAProblem.m */,
				4FBF3CF419033BF100A51204 /* OARequestParameter.h */,
				4FBF3CF519033BF100A51204 /* OARequestParameter.m */,
				4FBF3CF619033BF100A51204 /* OAServiceTicket.h */,
				4FBF3CF719033BF100A51204 /* OAServiceTicket.m */,
				4FBF3CF819033BF100A51204 /* OASignatureProviding.h */,
				4FBF3CF919033BF100A51204 /* OAToken.h */,
				4FBF3CFA19033BF100A51204 /* OAToken.m */,
				4FBF3CFB19033BF100A51204 /* OATokenManager.h */,
				4FBF3CFC19033BF100A51204 /* OATokenManager.m */,
				4FBF3CFD19033BF100A51204 /* OAuthConsumer.h */,
			);
			path = OAuthConsumer;
			sourceTree = "<group>";
		};
		4FBF3CD819033BF100A51204 /* Categories */ = {
			isa = PBXGroup;
			children = (
				4FBF3CD919033BF100A51204 /* NSMutableURLRequest+Parameters.h */,
				4FBF3CDA19033BF100A51204 /* NSMutableURLRequest+Parameters.m */,
				4FBF3CDB19033BF100A51204 /* NSString+URLEncoding.h */,
				4FBF3CDC19033BF100A51204 /* NSString+URLEncoding.m */,
				4FBF3CDD19033BF100A51204 /* NSURL+Base.h */,
				4FBF3CDE19033BF100A51204 /* NSURL+Base.m */,
			);
			path = Categories;
			sourceTree = "<group>";
		};
		4FBF3CDF19033BF100A51204 /* Crytpo */ = {
			isa = PBXGroup;
			children = (
				4FBF3CE019033BF100A51204 /* Base64Transcoder.c */,
				4FBF3CE119033BF100A51204 /* Base64Transcoder.h */,
				4FBF3CE219033BF100A51204 /* hmac.c */,
				4FBF3CE319033BF100A51204 /* hmac.h */,
				4FBF3CE419033BF100A51204 /* sha1.c */,
				4FBF3CE519033BF100A51204 /* sha1.h */,
			);
			path = Crytpo;
			sourceTree = "<group>";
		};
		4FC4E80F193263F1008609A6 /* AFNetworking */ = {
			isa = PBXGroup;
			children = (
				4FC4E810193263F1008609A6 /* AFHTTPRequestOperation.h */,
				4FC4E811193263F1008609A6 /* AFHTTPRequestOperation.m */,
				4FC4E812193263F1008609A6 /* AFHTTPRequestOperationManager.h */,
				4FC4E813193263F1008609A6 /* AFHTTPRequestOperationManager.m */,
				4FC4E814193263F1008609A6 /* AFHTTPSessionManager.h */,
				4FC4E815193263F1008609A6 /* AFHTTPSessionManager.m */,
				4FC4E816193263F1008609A6 /* AFNetworking.h */,
				4FC4E817193263F1008609A6 /* AFNetworkReachabilityManager.h */,
				4FC4E818193263F1008609A6 /* AFNetworkReachabilityManager.m */,
				4FC4E819193263F1008609A6 /* AFSecurityPolicy.h */,
				4FC4E81A193263F1008609A6 /* AFSecurityPolicy.m */,
				4FC4E81B193263F1008609A6 /* AFURLConnectionOperation.h */,
				4FC4E81C193263F1008609A6 /* AFURLConnectionOperation.m */,
				4FC4E81D193263F1008609A6 /* AFURLRequestSerialization.h */,
				4FC4E81E193263F1008609A6 /* AFURLRequestSerialization.m */,
				4FC4E81F193263F1008609A6 /* AFURLResponseSerialization.h */,
				4FC4E820193263F1008609A6 /* AFURLResponseSerialization.m */,
				4FC4E821193263F1008609A6 /* AFURLSessionManager.h */,
				4FC4E822193263F1008609A6 /* AFURLSessionManager.m */,
			);
			path = AFNetworking;
			sourceTree = "<group>";
		};
		4FE300FF190C72860053EA95 /* ECSlidingViewController */ = {
			isa = PBXGroup;
			children = (
				4F91227C1915744100139F81 /* MEDynamicTransition.h */,
				4F91227D1915744100139F81 /* MEDynamicTransition.m */,
				4FE30100190C72860053EA95 /* ECPercentDrivenInteractiveTransition.h */,
				4FE30101190C72860053EA95 /* ECPercentDrivenInteractiveTransition.m */,
				4FE30102190C72860053EA95 /* ECSlidingAnimationController.h */,
				4FE30103190C72860053EA95 /* ECSlidingAnimationController.m */,
				4FE30104190C72860053EA95 /* ECSlidingConstants.h */,
				4FE30105190C72860053EA95 /* ECSlidingInteractiveTransition.h */,
				4FE30106190C72860053EA95 /* ECSlidingInteractiveTransition.m */,
				4FE30107190C72860053EA95 /* ECSlidingSegue.h */,
				4FE30108190C72860053EA95 /* ECSlidingSegue.m */,
				4FE30109190C72860053EA95 /* ECSlidingViewController.h */,
				4FE3010A190C72860053EA95 /* ECSlidingViewController.m */,
				4FE3010B190C72860053EA95 /* UIViewController+ECSlidingViewController.h */,
				4FE3010C190C72860053EA95 /* UIViewController+ECSlidingViewController.m */,
			);
			path = ECSlidingViewController;
			sourceTree = "<group>";
		};
		4FECC2F3192FB7C00092B1D7 /* PopOver */ = {
			isa = PBXGroup;
			children = (
				4FECC2F4192FB7D40092B1D7 /* WYPopoverController.h */,
				4FECC2F5192FB7D40092B1D7 /* WYPopoverController.m */,
				4FECC2F6192FB7D40092B1D7 /* WYStoryboardPopoverSegue.h */,
				4FECC2F7192FB7D40092B1D7 /* WYStoryboardPopoverSegue.m */,
			);
			name = PopOver;
			sourceTree = "<group>";
		};
/* End PBXGroup section */

/* Begin PBXNativeTarget section */
		4F5D5F7118FCB0D00042A0BA /* Menyou */ = {
			isa = PBXNativeTarget;
			buildConfigurationList = 4F5D5FA718FCB0D00042A0BA /* Build configuration list for PBXNativeTarget "Menyou" */;
			buildPhases = (
				4F5D5F6E18FCB0D00042A0BA /* Sources */,
				4F5D5F6F18FCB0D00042A0BA /* Frameworks */,
				4F5D5F7018FCB0D00042A0BA /* Resources */,
			);
			buildRules = (
			);
			dependencies = (
			);
			name = Menyou;
			productName = QuickMenu;
			productReference = 4F5D5F7218FCB0D00042A0BA /* Menyou.app */;
			productType = "com.apple.product-type.application";
		};
		4F5D5F9518FCB0D00042A0BA /* MenyouTests */ = {
			isa = PBXNativeTarget;
			buildConfigurationList = 4F5D5FAA18FCB0D00042A0BA /* Build configuration list for PBXNativeTarget "MenyouTests" */;
			buildPhases = (
				4F5D5F9218FCB0D00042A0BA /* Sources */,
				4F5D5F9318FCB0D00042A0BA /* Frameworks */,
				4F5D5F9418FCB0D00042A0BA /* Resources */,
			);
			buildRules = (
			);
			dependencies = (
				4F5D5F9C18FCB0D00042A0BA /* PBXTargetDependency */,
			);
			name = MenyouTests;
			productName = QuickMenuTests;
			productReference = 4F5D5F9618FCB0D00042A0BA /* MenyouTests.xctest */;
			productType = "com.apple.product-type.bundle.unit-test";
		};
/* End PBXNativeTarget section */

/* Begin PBXProject section */
		4F5D5F6A18FCB0D00042A0BA /* Project object */ = {
			isa = PBXProject;
			attributes = {
				LastUpgradeCheck = 0510;
				ORGANIZATIONNAME = "Noah Martin";
				TargetAttributes = {
					4F5D5F7118FCB0D00042A0BA = {
						DevelopmentTeam = 28B76375E5;
						SystemCapabilities = {
							com.apple.iCloud = {
								enabled = 1;
							};
						};
					};
					4F5D5F9518FCB0D00042A0BA = {
						TestTargetID = 4F5D5F7118FCB0D00042A0BA;
					};
				};
			};
			buildConfigurationList = 4F5D5F6D18FCB0D00042A0BA /* Build configuration list for PBXProject "Menyou" */;
			compatibilityVersion = "Xcode 3.2";
			developmentRegion = English;
			hasScannedForEncodings = 0;
			knownRegions = (
				en,
				Base,
			);
			mainGroup = 4F5D5F6918FCB0D00042A0BA;
			productRefGroup = 4F5D5F7318FCB0D00042A0BA /* Products */;
			projectDirPath = "";
			projectRoot = "";
			targets = (
				4F5D5F7118FCB0D00042A0BA /* Menyou */,
				4F5D5F9518FCB0D00042A0BA /* MenyouTests */,
			);
		};
/* End PBXProject section */

/* Begin PBXResourcesBuildPhase section */
		4F5D5F7018FCB0D00042A0BA /* Resources */ = {
			isa = PBXResourcesBuildPhase;
			buildActionMask = 2147483647;
			files = (
				4F5D5F8C18FCB0D00042A0BA /* Main_iPad.storyboard in Resources */,
				4F5D5F9118FCB0D00042A0BA /* Images.xcassets in Resources */,
				4F5D5F8918FCB0D00042A0BA /* Main_iPhone.storyboard in Resources */,
				4F7F5CF719343815006FEFF2 /* ASMediaFocusController.xib in Resources */,
				4F5D5F8018FCB0D00042A0BA /* InfoPlist.strings in Resources */,
			);
			runOnlyForDeploymentPostprocessing = 0;
		};
		4F5D5F9418FCB0D00042A0BA /* Resources */ = {
			isa = PBXResourcesBuildPhase;
			buildActionMask = 2147483647;
			files = (
				4F5D5FA218FCB0D00042A0BA /* InfoPlist.strings in Resources */,
			);
			runOnlyForDeploymentPostprocessing = 0;
		};
/* End PBXResourcesBuildPhase section */

/* Begin PBXSourcesBuildPhase section */
		4F5D5F6E18FCB0D00042A0BA /* Sources */ = {
			isa = PBXSourcesBuildPhase;
			buildActionMask = 2147483647;
			files = (
				4FC4E823193263F1008609A6 /* AFHTTPRequestOperation.m in Sources */,
				4FBF3D0219033BF100A51204 /* hmac.c in Sources */,
				4FE3010D190C72860053EA95 /* ECPercentDrivenInteractiveTransition.m in Sources */,
				4F23B5F91919A39E006C0B58 /* DishTableViewCell.m in Sources */,
				4FE30111190C72860053EA95 /* ECSlidingViewController.m in Sources */,
				4FA80C0F192C686D00737687 /* TopDishesViewController.m in Sources */,
				4FBF3CFF19033BF100A51204 /* NSString+URLEncoding.m in Sources */,
				4FC4E82A193263F1008609A6 /* AFURLResponseSerialization.m in Sources */,
				4F240B341905F01400A405E2 /* MenuTabBarController.m in Sources */,
				4FBF3D0619033BF100A51204 /* OADataFetcher.m in Sources */,
				4FBF3D0919033BF100A51204 /* OAPlaintextSignatureProvider.m in Sources */,
				4FBF3D0119033BF100A51204 /* Base64Transcoder.c in Sources */,
				4FC4E828193263F1008609A6 /* AFURLConnectionOperation.m in Sources */,
				4FC4E82B193263F1008609A6 /* AFURLSessionManager.m in Sources */,
				4FBF3D0A19033BF100A51204 /* OAProblem.m in Sources */,
				7296A74219383ABD00599C89 /* OrderViewController.m in Sources */,
				4F7F5CE61933C3BB006FEFF2 /* UIButton+AFNetworking.m in Sources */,
				4FBF3D0819033BF100A51204 /* OAMutableURLRequest.m in Sources */,
				4F7F5CF919343815006FEFF2 /* ASTransparentView.m in Sources */,
				7296A73F1932D2FE00599C89 /* ScannerViewController.m in Sources */,
				4FB3AE641937F4D400D90AF5 /* FilterTableViewController.m in Sources */,
				4FBF3D0C19033BF100A51204 /* OAServiceTicket.m in Sources */,
				4FBF3D0B19033BF100A51204 /* OARequestParameter.m in Sources */,
				4FBF3D0519033BF100A51204 /* OAConsumer.m in Sources */,
				4F45466A1921D89600F65094 /* LoginViewController.m in Sources */,
				4F7F5CE91933C3BB006FEFF2 /* UIRefreshControl+AFNetworking.m in Sources */,
				4FA2C0B1191DB8C200793042 /* StarView.m in Sources */,
				4FFDD6281907268B008DEE69 /* MyMenuViewController.mm in Sources */,
				4F3D43E21910665B007EA7A2 /* HomeTableViewCell.m in Sources */,
				4FE3010E190C72860053EA95 /* ECSlidingAnimationController.m in Sources */,
				4F45DD241918A7FD00B0CB7F /* CategoryViewController.m in Sources */,
				4F26DFB91901BDFA002C4FEC /* Restaurant.m in Sources */,
				4FBF3D0319033BF100A51204 /* sha1.c in Sources */,
				4F7F5CEA1933C3BB006FEFF2 /* UIWebView+AFNetworking.m in Sources */,
				4F64B88E19257E1A0059E55F /* DataMatrix.mm in Sources */,
				72CCDCAD19131C9D00A5681D /* Categories.m in Sources */,
				4FC4E829193263F1008609A6 /* AFURLRequestSerialization.m in Sources */,
				4FBF3CFE19033BF100A51204 /* NSMutableURLRequest+Parameters.m in Sources */,
				4FC4E824193263F1008609A6 /* AFHTTPRequestOperationManager.m in Sources */,
				4FE30112190C72860053EA95 /* UIViewController+ECSlidingViewController.m in Sources */,
				4F7F5CF819343815006FEFF2 /* ASMediaFocusManager.m in Sources */,
				4F7F5CE71933C3BB006FEFF2 /* UIImageView+AFNetworking.m in Sources */,
				72CCDCB019131CE400A5681D /* Dish.m in Sources */,
				4F5D5F8F18FCB0D00042A0BA /* ViewController.m in Sources */,
				4FECC2F9192FB7D40092B1D7 /* WYStoryboardPopoverSegue.m in Sources */,
				4F8AEAA619283A4800479B23 /* AddRatingViewController.m in Sources */,
				4F64B88F19257E1A0059E55F /* QR_Encode.cpp in Sources */,
				4FE3010F190C72860053EA95 /* ECSlidingInteractiveTransition.m in Sources */,
				4F94FEB7192D7ADD0091C3BC /* AVCamPreviewView.m in Sources */,
				4FBF3D0419033BF100A51204 /* OACall.m in Sources */,
				4F240B381905F05F00A405E2 /* Menu.m in Sources */,
				4FE30110190C72860053EA95 /* ECSlidingSegue.m in Sources */,
				4F7F5CF619343815006FEFF2 /* ASMediaFocusController.m in Sources */,
				4FBF3D0719033BF100A51204 /* OAHMAC_SHA1SignatureProvider.m in Sources */,
				4FE30115190C7A5F0053EA95 /* LeftTableViewController.m in Sources */,
				4F5D5F8618FCB0D00042A0BA /* AppDelegate.m in Sources */,
				4F7F5CE81933C3BB006FEFF2 /* UIProgressView+AFNetworking.m in Sources */,
				4FECC2F8192FB7D40092B1D7 /* WYPopoverController.m in Sources */,
				4F7F5CE51933C3BB006FEFF2 /* UIAlertView+AFNetworking.m in Sources */,
				4FC4E826193263F1008609A6 /* AFNetworkReachabilityManager.m in Sources */,
				4F7F5CF519343815006FEFF2 /* ASImageScrollView.m in Sources */,
				4F26DFB41901BBBD002C4FEC /* RestaurantFactory.m in Sources */,
				39C16B93193EB0E700F278E5 /* PropertiesView.m in Sources */,
				4F5D5F8218FCB0D00042A0BA /* main.m in Sources */,
				4F7F5CE41933C3BB006FEFF2 /* UIActivityIndicatorView+AFNetworking.m in Sources */,
				39F090351921C4390023B2B7 /* HomeTableViewDataSource.m in Sources */,
				4F7F5CE31933C3BB006FEFF2 /* AFNetworkActivityIndicatorManager.m in Sources */,
				4FEAB18C191EB8AE00B9314E /* SettingsViewController.m in Sources */,
				4FC4E825193263F1008609A6 /* AFHTTPSessionManager.m in Sources */,
				4F91227E1915744100139F81 /* MEDynamicTransition.m in Sources */,
				4FC4E827193263F1008609A6 /* AFSecurityPolicy.m in Sources */,
				4F496F70191F44B700424343 /* DishViewController.m in Sources */,
				4FBF3D0019033BF100A51204 /* NSURL+Base.m in Sources */,
				4FBF3D0D19033BF100A51204 /* OAToken.m in Sources */,
				4F64B89019257E1A0059E55F /* QREncoder.mm in Sources */,
				4F0C6DFE18FD023900A0F186 /* HomeViewController.m in Sources */,
				4F80A21E19009B510012A60F /* MenyouApi.m in Sources */,
				4FBF3D0E19033BF100A51204 /* OATokenManager.m in Sources */,
			);
			runOnlyForDeploymentPostprocessing = 0;
		};
		4F5D5F9218FCB0D00042A0BA /* Sources */ = {
			isa = PBXSourcesBuildPhase;
			buildActionMask = 2147483647;
			files = (
				4F5D5FA418FCB0D00042A0BA /* QuickMenuTests.m in Sources */,
			);
			runOnlyForDeploymentPostprocessing = 0;
		};
/* End PBXSourcesBuildPhase section */

/* Begin PBXTargetDependency section */
		4F5D5F9C18FCB0D00042A0BA /* PBXTargetDependency */ = {
			isa = PBXTargetDependency;
			target = 4F5D5F7118FCB0D00042A0BA /* Menyou */;
			targetProxy = 4F5D5F9B18FCB0D00042A0BA /* PBXContainerItemProxy */;
		};
/* End PBXTargetDependency section */

/* Begin PBXVariantGroup section */
		4F5D5F7E18FCB0D00042A0BA /* InfoPlist.strings */ = {
			isa = PBXVariantGroup;
			children = (
				4F5D5F7F18FCB0D00042A0BA /* en */,
			);
			name = InfoPlist.strings;
			sourceTree = "<group>";
		};
		4F5D5F8718FCB0D00042A0BA /* Main_iPhone.storyboard */ = {
			isa = PBXVariantGroup;
			children = (
				4F5D5F8818FCB0D00042A0BA /* Base */,
			);
			name = Main_iPhone.storyboard;
			sourceTree = "<group>";
		};
		4F5D5F8A18FCB0D00042A0BA /* Main_iPad.storyboard */ = {
			isa = PBXVariantGroup;
			children = (
				4F5D5F8B18FCB0D00042A0BA /* Base */,
			);
			name = Main_iPad.storyboard;
			sourceTree = "<group>";
		};
		4F5D5FA018FCB0D00042A0BA /* InfoPlist.strings */ = {
			isa = PBXVariantGroup;
			children = (
				4F5D5FA118FCB0D00042A0BA /* en */,
			);
			name = InfoPlist.strings;
			sourceTree = "<group>";
		};
/* End PBXVariantGroup section */

/* Begin XCBuildConfiguration section */
		4F5D5FA518FCB0D00042A0BA /* Debug */ = {
			isa = XCBuildConfiguration;
			buildSettings = {
				ALWAYS_SEARCH_USER_PATHS = NO;
				CLANG_CXX_LANGUAGE_STANDARD = "gnu++0x";
				CLANG_CXX_LIBRARY = "libc++";
				CLANG_ENABLE_MODULES = YES;
				CLANG_ENABLE_OBJC_ARC = YES;
				CLANG_WARN_BOOL_CONVERSION = YES;
				CLANG_WARN_CONSTANT_CONVERSION = YES;
				CLANG_WARN_DIRECT_OBJC_ISA_USAGE = YES_ERROR;
				CLANG_WARN_EMPTY_BODY = YES;
				CLANG_WARN_ENUM_CONVERSION = YES;
				CLANG_WARN_INT_CONVERSION = YES;
				CLANG_WARN_OBJC_ROOT_CLASS = YES_ERROR;
				CLANG_WARN__DUPLICATE_METHOD_MATCH = YES;
				"CODE_SIGN_IDENTITY[sdk=iphoneos*]" = "iPhone Developer";
				COPY_PHASE_STRIP = NO;
				GCC_C_LANGUAGE_STANDARD = gnu99;
				GCC_DYNAMIC_NO_PIC = NO;
				GCC_OPTIMIZATION_LEVEL = 0;
				GCC_PREPROCESSOR_DEFINITIONS = (
					"DEBUG=1",
					"$(inherited)",
				);
				GCC_SYMBOLS_PRIVATE_EXTERN = NO;
				GCC_WARN_64_TO_32_BIT_CONVERSION = YES;
				GCC_WARN_ABOUT_RETURN_TYPE = YES_ERROR;
				GCC_WARN_UNDECLARED_SELECTOR = YES;
				GCC_WARN_UNINITIALIZED_AUTOS = YES_AGGRESSIVE;
				GCC_WARN_UNUSED_FUNCTION = YES;
				GCC_WARN_UNUSED_VARIABLE = YES;
				IPHONEOS_DEPLOYMENT_TARGET = 7.1;
				ONLY_ACTIVE_ARCH = YES;
				SDKROOT = iphoneos;
				TARGETED_DEVICE_FAMILY = "1,2";
			};
			name = Debug;
		};
		4F5D5FA618FCB0D00042A0BA /* Release */ = {
			isa = XCBuildConfiguration;
			buildSettings = {
				ALWAYS_SEARCH_USER_PATHS = NO;
				CLANG_CXX_LANGUAGE_STANDARD = "gnu++0x";
				CLANG_CXX_LIBRARY = "libc++";
				CLANG_ENABLE_MODULES = YES;
				CLANG_ENABLE_OBJC_ARC = YES;
				CLANG_WARN_BOOL_CONVERSION = YES;
				CLANG_WARN_CONSTANT_CONVERSION = YES;
				CLANG_WARN_DIRECT_OBJC_ISA_USAGE = YES_ERROR;
				CLANG_WARN_EMPTY_BODY = YES;
				CLANG_WARN_ENUM_CONVERSION = YES;
				CLANG_WARN_INT_CONVERSION = YES;
				CLANG_WARN_OBJC_ROOT_CLASS = YES_ERROR;
				CLANG_WARN__DUPLICATE_METHOD_MATCH = YES;
				"CODE_SIGN_IDENTITY[sdk=iphoneos*]" = "iPhone Developer";
				COPY_PHASE_STRIP = YES;
				ENABLE_NS_ASSERTIONS = NO;
				GCC_C_LANGUAGE_STANDARD = gnu99;
				GCC_WARN_64_TO_32_BIT_CONVERSION = YES;
				GCC_WARN_ABOUT_RETURN_TYPE = YES_ERROR;
				GCC_WARN_UNDECLARED_SELECTOR = YES;
				GCC_WARN_UNINITIALIZED_AUTOS = YES_AGGRESSIVE;
				GCC_WARN_UNUSED_FUNCTION = YES;
				GCC_WARN_UNUSED_VARIABLE = YES;
				IPHONEOS_DEPLOYMENT_TARGET = 7.1;
				SDKROOT = iphoneos;
				TARGETED_DEVICE_FAMILY = "1,2";
				VALIDATE_PRODUCT = YES;
			};
			name = Release;
		};
		4F5D5FA818FCB0D00042A0BA /* Debug */ = {
			isa = XCBuildConfiguration;
			buildSettings = {
				ASSETCATALOG_COMPILER_APPICON_NAME = AppIcon;
				ASSETCATALOG_COMPILER_LAUNCHIMAGE_NAME = LaunchImage;
				CODE_SIGN_ENTITLEMENTS = Menyou.entitlements;
				CODE_SIGN_IDENTITY = "iPhone Developer";
				"CODE_SIGN_IDENTITY[sdk=iphoneos*]" = "iPhone Developer";
				GCC_PRECOMPILE_PREFIX_HEADER = YES;
				GCC_PREFIX_HEADER = "QuickMenu/Menyou-Prefix.pch";
				INFOPLIST_FILE = "QuickMenu/Menyou-Info.plist";
				PRODUCT_NAME = Menyou;
				PROVISIONING_PROFILE = "";
				TARGETED_DEVICE_FAMILY = 1;
				WRAPPER_EXTENSION = app;
			};
			name = Debug;
		};
		4F5D5FA918FCB0D00042A0BA /* Release */ = {
			isa = XCBuildConfiguration;
			buildSettings = {
				ASSETCATALOG_COMPILER_APPICON_NAME = AppIcon;
				ASSETCATALOG_COMPILER_LAUNCHIMAGE_NAME = LaunchImage;
				CODE_SIGN_ENTITLEMENTS = Menyou.entitlements;
				CODE_SIGN_IDENTITY = "iPhone Developer";
				"CODE_SIGN_IDENTITY[sdk=iphoneos*]" = "iPhone Developer";
				GCC_PRECOMPILE_PREFIX_HEADER = YES;
				GCC_PREFIX_HEADER = "QuickMenu/Menyou-Prefix.pch";
				INFOPLIST_FILE = "QuickMenu/Menyou-Info.plist";
				PRODUCT_NAME = Menyou;
				PROVISIONING_PROFILE = "";
				TARGETED_DEVICE_FAMILY = 1;
				WRAPPER_EXTENSION = app;
			};
			name = Release;
		};
		4F5D5FAB18FCB0D00042A0BA /* Debug */ = {
			isa = XCBuildConfiguration;
			buildSettings = {
				BUNDLE_LOADER = "$(BUILT_PRODUCTS_DIR)/QuickMenu.app/QuickMenu";
				FRAMEWORK_SEARCH_PATHS = (
					"$(SDKROOT)/Developer/Library/Frameworks",
					"$(inherited)",
					"$(DEVELOPER_FRAMEWORKS_DIR)",
				);
				GCC_PRECOMPILE_PREFIX_HEADER = YES;
				GCC_PREFIX_HEADER = "QuickMenu/QuickMenu-Prefix.pch";
				GCC_PREPROCESSOR_DEFINITIONS = (
					"DEBUG=1",
					"$(inherited)",
				);
				INFOPLIST_FILE = "QuickMenuTests/MenyouTests-Info.plist";
				PRODUCT_NAME = MenyouTests;
				TEST_HOST = "$(BUNDLE_LOADER)";
				WRAPPER_EXTENSION = xctest;
			};
			name = Debug;
		};
		4F5D5FAC18FCB0D00042A0BA /* Release */ = {
			isa = XCBuildConfiguration;
			buildSettings = {
				BUNDLE_LOADER = "$(BUILT_PRODUCTS_DIR)/QuickMenu.app/QuickMenu";
				FRAMEWORK_SEARCH_PATHS = (
					"$(SDKROOT)/Developer/Library/Frameworks",
					"$(inherited)",
					"$(DEVELOPER_FRAMEWORKS_DIR)",
				);
				GCC_PRECOMPILE_PREFIX_HEADER = YES;
				GCC_PREFIX_HEADER = "QuickMenu/QuickMenu-Prefix.pch";
				INFOPLIST_FILE = "QuickMenuTests/MenyouTests-Info.plist";
				PRODUCT_NAME = MenyouTests;
				TEST_HOST = "$(BUNDLE_LOADER)";
				WRAPPER_EXTENSION = xctest;
			};
			name = Release;
		};
/* End XCBuildConfiguration section */

/* Begin XCConfigurationList section */
		4F5D5F6D18FCB0D00042A0BA /* Build configuration list for PBXProject "Menyou" */ = {
			isa = XCConfigurationList;
			buildConfigurations = (
				4F5D5FA518FCB0D00042A0BA /* Debug */,
				4F5D5FA618FCB0D00042A0BA /* Release */,
			);
			defaultConfigurationIsVisible = 0;
			defaultConfigurationName = Release;
		};
		4F5D5FA718FCB0D00042A0BA /* Build configuration list for PBXNativeTarget "Menyou" */ = {
			isa = XCConfigurationList;
			buildConfigurations = (
				4F5D5FA818FCB0D00042A0BA /* Debug */,
				4F5D5FA918FCB0D00042A0BA /* Release */,
			);
			defaultConfigurationIsVisible = 0;
			defaultConfigurationName = Release;
		};
		4F5D5FAA18FCB0D00042A0BA /* Build configuration list for PBXNativeTarget "MenyouTests" */ = {
			isa = XCConfigurationList;
			buildConfigurations = (
				4F5D5FAB18FCB0D00042A0BA /* Debug */,
				4F5D5FAC18FCB0D00042A0BA /* Release */,
			);
			defaultConfigurationIsVisible = 0;
			defaultConfigurationName = Release;
		};
/* End XCConfigurationList section */
	};
	rootObject = 4F5D5F6A18FCB0D00042A0BA /* Project object */;
}
